// !$*UTF8*$!
{
	archiveVersion = 1;
	classes = {
	};
	objectVersion = 56;
	objects = {

/* Begin PBXBuildFile section */
		18578B572BC42E10009C6585 /* ProductDetailsService.m in Sources */ = {isa = PBXBuildFile; fileRef = 18578B562BC42E10009C6585 /* ProductDetailsService.m */; };
		18732E212BBACCB8000C0CA8 /* TabBarVC.m in Sources */ = {isa = PBXBuildFile; fileRef = 18732E1F2BBACCB8000C0CA8 /* TabBarVC.m */; };
		18732E222BBACCB8000C0CA8 /* TabBarVC.xib in Resources */ = {isa = PBXBuildFile; fileRef = 18732E202BBACCB8000C0CA8 /* TabBarVC.xib */; };
		18732E292BBAD30C000C0CA8 /* HomeVC.m in Sources */ = {isa = PBXBuildFile; fileRef = 18732E272BBAD30C000C0CA8 /* HomeVC.m */; };
		18732E2A2BBAD30C000C0CA8 /* HomeVC.xib in Resources */ = {isa = PBXBuildFile; fileRef = 18732E282BBAD30C000C0CA8 /* HomeVC.xib */; };
		18732E2E2BBAD323000C0CA8 /* ProfileVC.m in Sources */ = {isa = PBXBuildFile; fileRef = 18732E2C2BBAD323000C0CA8 /* ProfileVC.m */; };
		18732E2F2BBAD323000C0CA8 /* ProfileVC.xib in Resources */ = {isa = PBXBuildFile; fileRef = 18732E2D2BBAD323000C0CA8 /* ProfileVC.xib */; };
		18732E332BBAD374000C0CA8 /* CartVC.m in Sources */ = {isa = PBXBuildFile; fileRef = 18732E312BBAD374000C0CA8 /* CartVC.m */; };
		18732E342BBAD374000C0CA8 /* CartVC.xib in Resources */ = {isa = PBXBuildFile; fileRef = 18732E322BBAD374000C0CA8 /* CartVC.xib */; };
		18732E422BBAEBA6000C0CA8 /* BaseVC.m in Sources */ = {isa = PBXBuildFile; fileRef = 18732E412BBAEBA6000C0CA8 /* BaseVC.m */; };
		18732E462BBAF0F0000C0CA8 /* CustomTabBar.m in Sources */ = {isa = PBXBuildFile; fileRef = 18732E452BBAF0F0000C0CA8 /* CustomTabBar.m */; };
		1878F8022BAADAE9007FA01E /* SubmitButtonTableViewCell.m in Sources */ = {isa = PBXBuildFile; fileRef = 1878F8002BAADAE9007FA01E /* SubmitButtonTableViewCell.m */; };
		1878F8032BAADAE9007FA01E /* SubmitButtonTableViewCell.xib in Resources */ = {isa = PBXBuildFile; fileRef = 1878F8012BAADAE9007FA01E /* SubmitButtonTableViewCell.xib */; };
		189D5E732BABFDE3009FF741 /* RegisterViewModel.m in Sources */ = {isa = PBXBuildFile; fileRef = 189D5E722BABFDE3009FF741 /* RegisterViewModel.m */; };
		189D5E762BAC0050009FF741 /* RegisterModel.m in Sources */ = {isa = PBXBuildFile; fileRef = 189D5E752BAC0050009FF741 /* RegisterModel.m */; };
		189E186F2BC3F9C100944B13 /* NVActivityIndicatorShape.swift in Sources */ = {isa = PBXBuildFile; fileRef = 189E186C2BC3F9C100944B13 /* NVActivityIndicatorShape.swift */; };
		189E18702BC3F9C100944B13 /* NVActivityIndicatorAnimationBallTrianglePath.swift in Sources */ = {isa = PBXBuildFile; fileRef = 189E186D2BC3F9C100944B13 /* NVActivityIndicatorAnimationBallTrianglePath.swift */; };
		189E18712BC3F9C100944B13 /* NVActivityIndicatorView.swift in Sources */ = {isa = PBXBuildFile; fileRef = 189E186E2BC3F9C100944B13 /* NVActivityIndicatorView.swift */; };
		18A01C792B9599470033EF21 /* API Manager.m in Sources */ = {isa = PBXBuildFile; fileRef = 18A01C782B9599470033EF21 /* API Manager.m */; };
		18A01C7F2B959EF30033EF21 /* API Services.m in Sources */ = {isa = PBXBuildFile; fileRef = 18A01C7E2B959EF30033EF21 /* API Services.m */; };
		18A01C862B95A7FE0033EF21 /* NetworkConfiguration.m in Sources */ = {isa = PBXBuildFile; fileRef = 18A01C852B95A7FE0033EF21 /* NetworkConfiguration.m */; };
		18A01C8A2B95CB580033EF21 /* LoginService.m in Sources */ = {isa = PBXBuildFile; fileRef = 18A01C892B95CB580033EF21 /* LoginService.m */; };
		18A01C912B95EBBD0033EF21 /* User.m in Sources */ = {isa = PBXBuildFile; fileRef = 18A01C902B95EBBD0033EF21 /* User.m */; };
		18A0519B2BAD60C5004A02D7 /* RegisterService.m in Sources */ = {isa = PBXBuildFile; fileRef = 18A0519A2BAD60C5004A02D7 /* RegisterService.m */; };
		18A4EFE42BD7837B00B766CF /* RateNowVC.m in Sources */ = {isa = PBXBuildFile; fileRef = 18A4EFE22BD7837B00B766CF /* RateNowVC.m */; };
		18A4EFE52BD7837B00B766CF /* RateNowVC.xib in Resources */ = {isa = PBXBuildFile; fileRef = 18A4EFE32BD7837B00B766CF /* RateNowVC.xib */; };
		18A4EFE92BD7838C00B766CF /* AddToCartVC.m in Sources */ = {isa = PBXBuildFile; fileRef = 18A4EFE72BD7838C00B766CF /* AddToCartVC.m */; };
		18A4EFEA2BD7838C00B766CF /* AddToCart.xib in Resources */ = {isa = PBXBuildFile; fileRef = 18A4EFE82BD7838C00B766CF /* AddToCart.xib */; };
		18A6B2A72B91DC9F000E3209 /* RegisterVC.m in Sources */ = {isa = PBXBuildFile; fileRef = 18A6B2A52B91DC9F000E3209 /* RegisterVC.m */; };
		18A6B2A82B91DC9F000E3209 /* RegisterVC.xib in Resources */ = {isa = PBXBuildFile; fileRef = 18A6B2A62B91DC9F000E3209 /* RegisterVC.xib */; };
		18A6B2AE2B91DE41000E3209 /* TextFieldTableViewCell.m in Sources */ = {isa = PBXBuildFile; fileRef = 18A6B2AC2B91DE41000E3209 /* TextFieldTableViewCell.m */; };
		18A6B2AF2B91DE41000E3209 /* TextFieldTableViewCell.xib in Resources */ = {isa = PBXBuildFile; fileRef = 18A6B2AD2B91DE41000E3209 /* TextFieldTableViewCell.xib */; };
		18A6B2B12B91EC50000E3209 /* Validation.m in Sources */ = {isa = PBXBuildFile; fileRef = 18A6B2B02B91EC50000E3209 /* Validation.m */; };
		18AB90E62B9884AC00F174E3 /* RegisterHeaderView.xib in Resources */ = {isa = PBXBuildFile; fileRef = 18AB90E52B9884AC00F174E3 /* RegisterHeaderView.xib */; };
		18AB90E92B98853A00F174E3 /* RegisterHeaderView.m in Sources */ = {isa = PBXBuildFile; fileRef = 18AB90E82B98853A00F174E3 /* RegisterHeaderView.m */; };
		18B76CA32B91B05C00F6A373 /* AppDelegate.m in Sources */ = {isa = PBXBuildFile; fileRef = 18B76CA22B91B05C00F6A373 /* AppDelegate.m */; };
		18B76CA62B91B05C00F6A373 /* SceneDelegate.m in Sources */ = {isa = PBXBuildFile; fileRef = 18B76CA52B91B05C00F6A373 /* SceneDelegate.m */; };
		18B76CAC2B91B05C00F6A373 /* Main.storyboard in Resources */ = {isa = PBXBuildFile; fileRef = 18B76CAA2B91B05C00F6A373 /* Main.storyboard */; };
		18B76CAE2B91B05D00F6A373 /* Assets.xcassets in Resources */ = {isa = PBXBuildFile; fileRef = 18B76CAD2B91B05D00F6A373 /* Assets.xcassets */; };
		18B76CB12B91B05D00F6A373 /* LaunchScreen.storyboard in Resources */ = {isa = PBXBuildFile; fileRef = 18B76CAF2B91B05D00F6A373 /* LaunchScreen.storyboard */; };
		18B76CB42B91B05D00F6A373 /* main.m in Sources */ = {isa = PBXBuildFile; fileRef = 18B76CB32B91B05D00F6A373 /* main.m */; };
		18B76CBE2B91B05E00F6A373 /* ObjcDemo_ProjectTests.m in Sources */ = {isa = PBXBuildFile; fileRef = 18B76CBD2B91B05E00F6A373 /* ObjcDemo_ProjectTests.m */; };
		18B76CC82B91B05E00F6A373 /* ObjcDemo_ProjectUITests.m in Sources */ = {isa = PBXBuildFile; fileRef = 18B76CC72B91B05E00F6A373 /* ObjcDemo_ProjectUITests.m */; };
		18B76CCA2B91B05E00F6A373 /* ObjcDemo_ProjectUITestsLaunchTests.m in Sources */ = {isa = PBXBuildFile; fileRef = 18B76CC92B91B05E00F6A373 /* ObjcDemo_ProjectUITestsLaunchTests.m */; };
		18B76CE32B91B69500F6A373 /* LoginVC.m in Sources */ = {isa = PBXBuildFile; fileRef = 18B76CE12B91B69500F6A373 /* LoginVC.m */; };
		18B76CE42B91B69500F6A373 /* LoginVC.xib in Resources */ = {isa = PBXBuildFile; fileRef = 18B76CE22B91B69500F6A373 /* LoginVC.xib */; };
		18B76CE92B91B6C100F6A373 /* LoginViewModel.m in Sources */ = {isa = PBXBuildFile; fileRef = 18B76CE82B91B6C100F6A373 /* LoginViewModel.m */; };
		18BA051F2BC0244F0028AC93 /* ProductDetailsVC.m in Sources */ = {isa = PBXBuildFile; fileRef = 18BA051D2BC0244F0028AC93 /* ProductDetailsVC.m */; };
		18BA05202BC0244F0028AC93 /* ProductDetailsVC.xib in Resources */ = {isa = PBXBuildFile; fileRef = 18BA051E2BC0244F0028AC93 /* ProductDetailsVC.xib */; };
		18BA05232BC024760028AC93 /* ProductDetailsViewModel.m in Sources */ = {isa = PBXBuildFile; fileRef = 18BA05222BC024760028AC93 /* ProductDetailsViewModel.m */; };
		18BA05272BC024B00028AC93 /* ProductDetails.m in Sources */ = {isa = PBXBuildFile; fileRef = 18BA05262BC024B00028AC93 /* ProductDetails.m */; };
		18BA052C2BC02E3F0028AC93 /* RatingCollectionViewCell.m in Sources */ = {isa = PBXBuildFile; fileRef = 18BA052A2BC02E3F0028AC93 /* RatingCollectionViewCell.m */; };
		18BA052D2BC02E3F0028AC93 /* RatingCollectionViewCell.xib in Resources */ = {isa = PBXBuildFile; fileRef = 18BA052B2BC02E3F0028AC93 /* RatingCollectionViewCell.xib */; };
		18BAF3A72BB2CBAC004D181E /* OTPVerificationVC.m in Sources */ = {isa = PBXBuildFile; fileRef = 18BAF3A52BB2CBAC004D181E /* OTPVerificationVC.m */; };
		18BAF3A82BB2CBAC004D181E /* OTPVerificationVC.xib in Resources */ = {isa = PBXBuildFile; fileRef = 18BAF3A62BB2CBAC004D181E /* OTPVerificationVC.xib */; };
		18BD58C52BD0EC7300CC6916 /* ProductDetailsTableViewCell.m in Sources */ = {isa = PBXBuildFile; fileRef = 18BD58C32BD0EC7300CC6916 /* ProductDetailsTableViewCell.m */; };
		18BD58C62BD0EC7300CC6916 /* ProductDetailsTableViewCell.xib in Resources */ = {isa = PBXBuildFile; fileRef = 18BD58C42BD0EC7300CC6916 /* ProductDetailsTableViewCell.xib */; };
		18C786C92BD63BAC006CF31E /* ProductDetailsFooterView.xib in Resources */ = {isa = PBXBuildFile; fileRef = 18C786C82BD63BAC006CF31E /* ProductDetailsFooterView.xib */; };
		18C786CC2BD63CE7006CF31E /* ProductDetailsFooterView.m in Sources */ = {isa = PBXBuildFile; fileRef = 18C786CB2BD63CE7006CF31E /* ProductDetailsFooterView.m */; };
		18C786D12BD691B7006CF31E /* ProductDetailsImageCollectionViewCell.m in Sources */ = {isa = PBXBuildFile; fileRef = 18C786CF2BD691B7006CF31E /* ProductDetailsImageCollectionViewCell.m */; };
		18C786D22BD691B7006CF31E /* ProductDetailsImageCollectionViewCell.xib in Resources */ = {isa = PBXBuildFile; fileRef = 18C786D02BD691B7006CF31E /* ProductDetailsImageCollectionViewCell.xib */; };
		18E029CF2BBD32AD0085A330 /* HomeCategoriesTableViewCell.m in Sources */ = {isa = PBXBuildFile; fileRef = 18E029CD2BBD32AD0085A330 /* HomeCategoriesTableViewCell.m */; };
		18E029D02BBD32AD0085A330 /* HomeCategoriesTableViewCell.xib in Resources */ = {isa = PBXBuildFile; fileRef = 18E029CE2BBD32AD0085A330 /* HomeCategoriesTableViewCell.xib */; };
		18E029D52BBD33550085A330 /* HomeProductListCollectionViewCell.m in Sources */ = {isa = PBXBuildFile; fileRef = 18E029D32BBD33550085A330 /* HomeProductListCollectionViewCell.m */; };
		18E029D62BBD33550085A330 /* HomeProductListCollectionViewCell.xib in Resources */ = {isa = PBXBuildFile; fileRef = 18E029D42BBD33550085A330 /* HomeProductListCollectionViewCell.xib */; };
		18E029D92BBD3C9D0085A330 /* HomeViewModel.m in Sources */ = {isa = PBXBuildFile; fileRef = 18E029D82BBD3C9D0085A330 /* HomeViewModel.m */; };
		18E029DE2BBD59F80085A330 /* CommonFunctions.m in Sources */ = {isa = PBXBuildFile; fileRef = 18E029DD2BBD59F80085A330 /* CommonFunctions.m */; };
		18E029E22BBD60B50085A330 /* HomeService.m in Sources */ = {isa = PBXBuildFile; fileRef = 18E029E12BBD60B50085A330 /* HomeService.m */; };
		18E029E52BBD62C20085A330 /* Products.m in Sources */ = {isa = PBXBuildFile; fileRef = 18E029E42BBD62C20085A330 /* Products.m */; };
		504DB02791F1020F892B24F2 /* Pods_ObjcDemo_Project.framework in Frameworks */ = {isa = PBXBuildFile; fileRef = 16E46762C9E07A99CEED1943 /* Pods_ObjcDemo_Project.framework */; };
		99A7C6B14F5CEFA822755842 /* Pods_ObjcDemo_Project_ObjcDemo_ProjectUITests.framework in Frameworks */ = {isa = PBXBuildFile; fileRef = 6EC8DBA3A260B3E30F281812 /* Pods_ObjcDemo_Project_ObjcDemo_ProjectUITests.framework */; };
		B412F043F055D538E58CC99C /* Pods_ObjcDemo_ProjectTests.framework in Frameworks */ = {isa = PBXBuildFile; fileRef = B5E8E7DDD1123E5F5E552E8E /* Pods_ObjcDemo_ProjectTests.framework */; };
/* End PBXBuildFile section */

/* Begin PBXContainerItemProxy section */
		18B76CBA2B91B05E00F6A373 /* PBXContainerItemProxy */ = {
			isa = PBXContainerItemProxy;
			containerPortal = 18B76C962B91B05C00F6A373 /* Project object */;
			proxyType = 1;
			remoteGlobalIDString = 18B76C9D2B91B05C00F6A373;
			remoteInfo = "ObjcDemo Project";
		};
		18B76CC42B91B05E00F6A373 /* PBXContainerItemProxy */ = {
			isa = PBXContainerItemProxy;
			containerPortal = 18B76C962B91B05C00F6A373 /* Project object */;
			proxyType = 1;
			remoteGlobalIDString = 18B76C9D2B91B05C00F6A373;
			remoteInfo = "ObjcDemo Project";
		};
/* End PBXContainerItemProxy section */

/* Begin PBXCopyFilesBuildPhase section */
		189D5EB02BAC37B3009FF741 /* Embed Frameworks */ = {
			isa = PBXCopyFilesBuildPhase;
			buildActionMask = 2147483647;
			dstPath = "";
			dstSubfolderSpec = 10;
			files = (
			);
			name = "Embed Frameworks";
			runOnlyForDeploymentPostprocessing = 0;
		};
/* End PBXCopyFilesBuildPhase section */

/* Begin PBXFileReference section */
		16E46762C9E07A99CEED1943 /* Pods_ObjcDemo_Project.framework */ = {isa = PBXFileReference; explicitFileType = wrapper.framework; includeInIndex = 0; path = Pods_ObjcDemo_Project.framework; sourceTree = BUILT_PRODUCTS_DIR; };
		183DE7CF2BAC5E130053C061 /* ParseIntoModel.framework */ = {isa = PBXFileReference; lastKnownFileType = wrapper.framework; name = ParseIntoModel.framework; path = "../../../Library/Developer/Xcode/DerivedData/ParseIntoModel-cjvtbtzywtliiugqppihctrhuzlh/Build/Products/Debug-iphoneos/ParseIntoModel.framework"; sourceTree = "<group>"; };
		18578B552BC42E10009C6585 /* ProductDetailsService.h */ = {isa = PBXFileReference; lastKnownFileType = sourcecode.c.h; path = ProductDetailsService.h; sourceTree = "<group>"; };
		18578B562BC42E10009C6585 /* ProductDetailsService.m */ = {isa = PBXFileReference; lastKnownFileType = sourcecode.c.objc; path = ProductDetailsService.m; sourceTree = "<group>"; };
		18732E1E2BBACCB8000C0CA8 /* TabBarVC.h */ = {isa = PBXFileReference; lastKnownFileType = sourcecode.c.h; path = TabBarVC.h; sourceTree = "<group>"; };
		18732E1F2BBACCB8000C0CA8 /* TabBarVC.m */ = {isa = PBXFileReference; lastKnownFileType = sourcecode.c.objc; path = TabBarVC.m; sourceTree = "<group>"; };
		18732E202BBACCB8000C0CA8 /* TabBarVC.xib */ = {isa = PBXFileReference; lastKnownFileType = file.xib; path = TabBarVC.xib; sourceTree = "<group>"; };
		18732E262BBAD30C000C0CA8 /* HomeVC.h */ = {isa = PBXFileReference; lastKnownFileType = sourcecode.c.h; path = HomeVC.h; sourceTree = "<group>"; };
		18732E272BBAD30C000C0CA8 /* HomeVC.m */ = {isa = PBXFileReference; lastKnownFileType = sourcecode.c.objc; path = HomeVC.m; sourceTree = "<group>"; };
		18732E282BBAD30C000C0CA8 /* HomeVC.xib */ = {isa = PBXFileReference; lastKnownFileType = file.xib; path = HomeVC.xib; sourceTree = "<group>"; };
		18732E2B2BBAD323000C0CA8 /* ProfileVC.h */ = {isa = PBXFileReference; lastKnownFileType = sourcecode.c.h; path = ProfileVC.h; sourceTree = "<group>"; };
		18732E2C2BBAD323000C0CA8 /* ProfileVC.m */ = {isa = PBXFileReference; lastKnownFileType = sourcecode.c.objc; path = ProfileVC.m; sourceTree = "<group>"; };
		18732E2D2BBAD323000C0CA8 /* ProfileVC.xib */ = {isa = PBXFileReference; lastKnownFileType = file.xib; path = ProfileVC.xib; sourceTree = "<group>"; };
		18732E302BBAD374000C0CA8 /* CartVC.h */ = {isa = PBXFileReference; lastKnownFileType = sourcecode.c.h; path = CartVC.h; sourceTree = "<group>"; };
		18732E312BBAD374000C0CA8 /* CartVC.m */ = {isa = PBXFileReference; lastKnownFileType = sourcecode.c.objc; path = CartVC.m; sourceTree = "<group>"; };
		18732E322BBAD374000C0CA8 /* CartVC.xib */ = {isa = PBXFileReference; lastKnownFileType = file.xib; path = CartVC.xib; sourceTree = "<group>"; };
		18732E402BBAEBA6000C0CA8 /* BaseVC.h */ = {isa = PBXFileReference; lastKnownFileType = sourcecode.c.h; path = BaseVC.h; sourceTree = "<group>"; };
		18732E412BBAEBA6000C0CA8 /* BaseVC.m */ = {isa = PBXFileReference; lastKnownFileType = sourcecode.c.objc; path = BaseVC.m; sourceTree = "<group>"; };
		18732E442BBAF0F0000C0CA8 /* CustomTabBar.h */ = {isa = PBXFileReference; lastKnownFileType = sourcecode.c.h; path = CustomTabBar.h; sourceTree = "<group>"; };
		18732E452BBAF0F0000C0CA8 /* CustomTabBar.m */ = {isa = PBXFileReference; lastKnownFileType = sourcecode.c.objc; path = CustomTabBar.m; sourceTree = "<group>"; };
		1878F7FF2BAADAE9007FA01E /* SubmitButtonTableViewCell.h */ = {isa = PBXFileReference; lastKnownFileType = sourcecode.c.h; path = SubmitButtonTableViewCell.h; sourceTree = "<group>"; };
		1878F8002BAADAE9007FA01E /* SubmitButtonTableViewCell.m */ = {isa = PBXFileReference; lastKnownFileType = sourcecode.c.objc; path = SubmitButtonTableViewCell.m; sourceTree = "<group>"; };
		1878F8012BAADAE9007FA01E /* SubmitButtonTableViewCell.xib */ = {isa = PBXFileReference; lastKnownFileType = file.xib; path = SubmitButtonTableViewCell.xib; sourceTree = "<group>"; };
		1878F8052BAB1A19007FA01E /* TextFieldTableViewCellDelegate.h */ = {isa = PBXFileReference; lastKnownFileType = sourcecode.c.h; path = TextFieldTableViewCellDelegate.h; sourceTree = "<group>"; };
		189D5E712BABFDE3009FF741 /* RegisterViewModel.h */ = {isa = PBXFileReference; lastKnownFileType = sourcecode.c.h; path = RegisterViewModel.h; sourceTree = "<group>"; };
		189D5E722BABFDE3009FF741 /* RegisterViewModel.m */ = {isa = PBXFileReference; lastKnownFileType = sourcecode.c.objc; path = RegisterViewModel.m; sourceTree = "<group>"; };
		189D5E742BAC0050009FF741 /* RegisterModel.h */ = {isa = PBXFileReference; lastKnownFileType = sourcecode.c.h; path = RegisterModel.h; sourceTree = "<group>"; };
		189D5E752BAC0050009FF741 /* RegisterModel.m */ = {isa = PBXFileReference; lastKnownFileType = sourcecode.c.objc; path = RegisterModel.m; sourceTree = "<group>"; };
		189E180E2BC3D64700944B13 /* ObjcDemo Project-Swift.h */ = {isa = PBXFileReference; lastKnownFileType = sourcecode.c.h; path = "ObjcDemo Project-Swift.h"; sourceTree = "<group>"; };
		189E186C2BC3F9C100944B13 /* NVActivityIndicatorShape.swift */ = {isa = PBXFileReference; fileEncoding = 4; lastKnownFileType = sourcecode.swift; path = NVActivityIndicatorShape.swift; sourceTree = "<group>"; };
		189E186D2BC3F9C100944B13 /* NVActivityIndicatorAnimationBallTrianglePath.swift */ = {isa = PBXFileReference; fileEncoding = 4; lastKnownFileType = sourcecode.swift; path = NVActivityIndicatorAnimationBallTrianglePath.swift; sourceTree = "<group>"; };
		189E186E2BC3F9C100944B13 /* NVActivityIndicatorView.swift */ = {isa = PBXFileReference; fileEncoding = 4; lastKnownFileType = sourcecode.swift; path = NVActivityIndicatorView.swift; sourceTree = "<group>"; };
		18A01C782B9599470033EF21 /* API Manager.m */ = {isa = PBXFileReference; lastKnownFileType = sourcecode.c.objc; path = "API Manager.m"; sourceTree = "<group>"; };
		18A01C7A2B959E370033EF21 /* API Manager.h */ = {isa = PBXFileReference; lastKnownFileType = sourcecode.c.h; path = "API Manager.h"; sourceTree = "<group>"; };
		18A01C7E2B959EF30033EF21 /* API Services.m */ = {isa = PBXFileReference; lastKnownFileType = sourcecode.c.objc; path = "API Services.m"; sourceTree = "<group>"; };
		18A01C822B95A7890033EF21 /* API Services.h */ = {isa = PBXFileReference; lastKnownFileType = sourcecode.c.h; path = "API Services.h"; sourceTree = "<group>"; };
		18A01C842B95A7FE0033EF21 /* NetworkConfiguration.h */ = {isa = PBXFileReference; lastKnownFileType = sourcecode.c.h; path = NetworkConfiguration.h; sourceTree = "<group>"; };
		18A01C852B95A7FE0033EF21 /* NetworkConfiguration.m */ = {isa = PBXFileReference; lastKnownFileType = sourcecode.c.objc; path = NetworkConfiguration.m; sourceTree = "<group>"; };
		18A01C882B95CB580033EF21 /* LoginService.h */ = {isa = PBXFileReference; lastKnownFileType = sourcecode.c.h; path = LoginService.h; sourceTree = "<group>"; };
		18A01C892B95CB580033EF21 /* LoginService.m */ = {isa = PBXFileReference; lastKnownFileType = sourcecode.c.objc; path = LoginService.m; sourceTree = "<group>"; };
		18A01C8F2B95CFE80033EF21 /* User.h */ = {isa = PBXFileReference; lastKnownFileType = sourcecode.c.h; path = User.h; sourceTree = "<group>"; };
		18A01C902B95EBBD0033EF21 /* User.m */ = {isa = PBXFileReference; lastKnownFileType = sourcecode.c.objc; path = User.m; sourceTree = "<group>"; };
		18A01C922B95EE250033EF21 /* Validation.h */ = {isa = PBXFileReference; lastKnownFileType = sourcecode.c.h; path = Validation.h; sourceTree = "<group>"; };
		18A051992BAD60C5004A02D7 /* RegisterService.h */ = {isa = PBXFileReference; lastKnownFileType = sourcecode.c.h; path = RegisterService.h; sourceTree = "<group>"; };
		18A0519A2BAD60C5004A02D7 /* RegisterService.m */ = {isa = PBXFileReference; lastKnownFileType = sourcecode.c.objc; path = RegisterService.m; sourceTree = "<group>"; };
		18A4EFE12BD7837B00B766CF /* RateNowVC.h */ = {isa = PBXFileReference; lastKnownFileType = sourcecode.c.h; path = RateNowVC.h; sourceTree = "<group>"; };
		18A4EFE22BD7837B00B766CF /* RateNowVC.m */ = {isa = PBXFileReference; lastKnownFileType = sourcecode.c.objc; path = RateNowVC.m; sourceTree = "<group>"; };
		18A4EFE32BD7837B00B766CF /* RateNowVC.xib */ = {isa = PBXFileReference; lastKnownFileType = file.xib; path = RateNowVC.xib; sourceTree = "<group>"; };
		18A4EFE62BD7838C00B766CF /* AddToCartVC.h */ = {isa = PBXFileReference; lastKnownFileType = sourcecode.c.h; path = AddToCartVC.h; sourceTree = "<group>"; };
		18A4EFE72BD7838C00B766CF /* AddToCartVC.m */ = {isa = PBXFileReference; lastKnownFileType = sourcecode.c.objc; path = AddToCartVC.m; sourceTree = "<group>"; };
		18A4EFE82BD7838C00B766CF /* AddToCart.xib */ = {isa = PBXFileReference; lastKnownFileType = file.xib; path = AddToCart.xib; sourceTree = "<group>"; };
		18A6B2A42B91DC9F000E3209 /* RegisterVC.h */ = {isa = PBXFileReference; lastKnownFileType = sourcecode.c.h; path = RegisterVC.h; sourceTree = "<group>"; };
		18A6B2A52B91DC9F000E3209 /* RegisterVC.m */ = {isa = PBXFileReference; lastKnownFileType = sourcecode.c.objc; path = RegisterVC.m; sourceTree = "<group>"; };
		18A6B2A62B91DC9F000E3209 /* RegisterVC.xib */ = {isa = PBXFileReference; lastKnownFileType = file.xib; path = RegisterVC.xib; sourceTree = "<group>"; };
		18A6B2AB2B91DE41000E3209 /* TextFieldTableViewCell.h */ = {isa = PBXFileReference; lastKnownFileType = sourcecode.c.h; path = TextFieldTableViewCell.h; sourceTree = "<group>"; };
		18A6B2AC2B91DE41000E3209 /* TextFieldTableViewCell.m */ = {isa = PBXFileReference; lastKnownFileType = sourcecode.c.objc; path = TextFieldTableViewCell.m; sourceTree = "<group>"; };
		18A6B2AD2B91DE41000E3209 /* TextFieldTableViewCell.xib */ = {isa = PBXFileReference; lastKnownFileType = file.xib; path = TextFieldTableViewCell.xib; sourceTree = "<group>"; };
		18A6B2B02B91EC50000E3209 /* Validation.m */ = {isa = PBXFileReference; lastKnownFileType = sourcecode.c.objc; path = Validation.m; sourceTree = "<group>"; };
		18AB90E52B9884AC00F174E3 /* RegisterHeaderView.xib */ = {isa = PBXFileReference; lastKnownFileType = file.xib; path = RegisterHeaderView.xib; sourceTree = "<group>"; };
		18AB90E72B98853A00F174E3 /* RegisterHeaderView.h */ = {isa = PBXFileReference; lastKnownFileType = sourcecode.c.h; path = RegisterHeaderView.h; sourceTree = "<group>"; };
		18AB90E82B98853A00F174E3 /* RegisterHeaderView.m */ = {isa = PBXFileReference; lastKnownFileType = sourcecode.c.objc; path = RegisterHeaderView.m; sourceTree = "<group>"; };
		18B76C9E2B91B05C00F6A373 /* ObjcDemo Project.app */ = {isa = PBXFileReference; explicitFileType = wrapper.application; includeInIndex = 0; path = "ObjcDemo Project.app"; sourceTree = BUILT_PRODUCTS_DIR; };
		18B76CA12B91B05C00F6A373 /* AppDelegate.h */ = {isa = PBXFileReference; lastKnownFileType = sourcecode.c.h; path = AppDelegate.h; sourceTree = "<group>"; };
		18B76CA22B91B05C00F6A373 /* AppDelegate.m */ = {isa = PBXFileReference; lastKnownFileType = sourcecode.c.objc; path = AppDelegate.m; sourceTree = "<group>"; };
		18B76CA42B91B05C00F6A373 /* SceneDelegate.h */ = {isa = PBXFileReference; lastKnownFileType = sourcecode.c.h; path = SceneDelegate.h; sourceTree = "<group>"; };
		18B76CA52B91B05C00F6A373 /* SceneDelegate.m */ = {isa = PBXFileReference; lastKnownFileType = sourcecode.c.objc; path = SceneDelegate.m; sourceTree = "<group>"; };
		18B76CAB2B91B05C00F6A373 /* Base */ = {isa = PBXFileReference; lastKnownFileType = file.storyboard; name = Base; path = Base.lproj/Main.storyboard; sourceTree = "<group>"; };
		18B76CAD2B91B05D00F6A373 /* Assets.xcassets */ = {isa = PBXFileReference; lastKnownFileType = folder.assetcatalog; path = Assets.xcassets; sourceTree = "<group>"; };
		18B76CB02B91B05D00F6A373 /* Base */ = {isa = PBXFileReference; lastKnownFileType = file.storyboard; name = Base; path = Base.lproj/LaunchScreen.storyboard; sourceTree = "<group>"; };
		18B76CB22B91B05D00F6A373 /* Info.plist */ = {isa = PBXFileReference; lastKnownFileType = text.plist.xml; path = Info.plist; sourceTree = "<group>"; };
		18B76CB32B91B05D00F6A373 /* main.m */ = {isa = PBXFileReference; lastKnownFileType = sourcecode.c.objc; path = main.m; sourceTree = "<group>"; };
		18B76CB92B91B05E00F6A373 /* ObjcDemo ProjectTests.xctest */ = {isa = PBXFileReference; explicitFileType = wrapper.cfbundle; includeInIndex = 0; path = "ObjcDemo ProjectTests.xctest"; sourceTree = BUILT_PRODUCTS_DIR; };
		18B76CBD2B91B05E00F6A373 /* ObjcDemo_ProjectTests.m */ = {isa = PBXFileReference; lastKnownFileType = sourcecode.c.objc; path = ObjcDemo_ProjectTests.m; sourceTree = "<group>"; };
		18B76CC32B91B05E00F6A373 /* ObjcDemo ProjectUITests.xctest */ = {isa = PBXFileReference; explicitFileType = wrapper.cfbundle; includeInIndex = 0; path = "ObjcDemo ProjectUITests.xctest"; sourceTree = BUILT_PRODUCTS_DIR; };
		18B76CC72B91B05E00F6A373 /* ObjcDemo_ProjectUITests.m */ = {isa = PBXFileReference; lastKnownFileType = sourcecode.c.objc; path = ObjcDemo_ProjectUITests.m; sourceTree = "<group>"; };
		18B76CC92B91B05E00F6A373 /* ObjcDemo_ProjectUITestsLaunchTests.m */ = {isa = PBXFileReference; lastKnownFileType = sourcecode.c.objc; path = ObjcDemo_ProjectUITestsLaunchTests.m; sourceTree = "<group>"; };
		18B76CE02B91B69500F6A373 /* LoginVC.h */ = {isa = PBXFileReference; lastKnownFileType = sourcecode.c.h; path = LoginVC.h; sourceTree = "<group>"; };
		18B76CE12B91B69500F6A373 /* LoginVC.m */ = {isa = PBXFileReference; lastKnownFileType = sourcecode.c.objc; path = LoginVC.m; sourceTree = "<group>"; };
		18B76CE22B91B69500F6A373 /* LoginVC.xib */ = {isa = PBXFileReference; lastKnownFileType = file.xib; path = LoginVC.xib; sourceTree = "<group>"; };
		18B76CE72B91B6C100F6A373 /* LoginViewModel.h */ = {isa = PBXFileReference; lastKnownFileType = sourcecode.c.h; path = LoginViewModel.h; sourceTree = "<group>"; };
		18B76CE82B91B6C100F6A373 /* LoginViewModel.m */ = {isa = PBXFileReference; lastKnownFileType = sourcecode.c.objc; path = LoginViewModel.m; sourceTree = "<group>"; };
		18BA051C2BC0244F0028AC93 /* ProductDetailsVC.h */ = {isa = PBXFileReference; lastKnownFileType = sourcecode.c.h; path = ProductDetailsVC.h; sourceTree = "<group>"; };
		18BA051D2BC0244F0028AC93 /* ProductDetailsVC.m */ = {isa = PBXFileReference; lastKnownFileType = sourcecode.c.objc; path = ProductDetailsVC.m; sourceTree = "<group>"; };
		18BA051E2BC0244F0028AC93 /* ProductDetailsVC.xib */ = {isa = PBXFileReference; lastKnownFileType = file.xib; path = ProductDetailsVC.xib; sourceTree = "<group>"; };
		18BA05212BC024760028AC93 /* ProductDetailsViewModel.h */ = {isa = PBXFileReference; lastKnownFileType = sourcecode.c.h; path = ProductDetailsViewModel.h; sourceTree = "<group>"; };
		18BA05222BC024760028AC93 /* ProductDetailsViewModel.m */ = {isa = PBXFileReference; lastKnownFileType = sourcecode.c.objc; path = ProductDetailsViewModel.m; sourceTree = "<group>"; };
		18BA05252BC024B00028AC93 /* ProductDetails.h */ = {isa = PBXFileReference; lastKnownFileType = sourcecode.c.h; path = ProductDetails.h; sourceTree = "<group>"; };
		18BA05262BC024B00028AC93 /* ProductDetails.m */ = {isa = PBXFileReference; lastKnownFileType = sourcecode.c.objc; path = ProductDetails.m; sourceTree = "<group>"; };
		18BA05292BC02E3F0028AC93 /* RatingCollectionViewCell.h */ = {isa = PBXFileReference; lastKnownFileType = sourcecode.c.h; path = RatingCollectionViewCell.h; sourceTree = "<group>"; };
		18BA052A2BC02E3F0028AC93 /* RatingCollectionViewCell.m */ = {isa = PBXFileReference; lastKnownFileType = sourcecode.c.objc; path = RatingCollectionViewCell.m; sourceTree = "<group>"; };
		18BA052B2BC02E3F0028AC93 /* RatingCollectionViewCell.xib */ = {isa = PBXFileReference; lastKnownFileType = file.xib; path = RatingCollectionViewCell.xib; sourceTree = "<group>"; };
		18BAF3A42BB2CBAC004D181E /* OTPVerificationVC.h */ = {isa = PBXFileReference; lastKnownFileType = sourcecode.c.h; path = OTPVerificationVC.h; sourceTree = "<group>"; };
		18BAF3A52BB2CBAC004D181E /* OTPVerificationVC.m */ = {isa = PBXFileReference; lastKnownFileType = sourcecode.c.objc; path = OTPVerificationVC.m; sourceTree = "<group>"; };
		18BAF3A62BB2CBAC004D181E /* OTPVerificationVC.xib */ = {isa = PBXFileReference; lastKnownFileType = file.xib; path = OTPVerificationVC.xib; sourceTree = "<group>"; };
		18BD58C22BD0EC7300CC6916 /* ProductDetailsTableViewCell.h */ = {isa = PBXFileReference; lastKnownFileType = sourcecode.c.h; path = ProductDetailsTableViewCell.h; sourceTree = "<group>"; };
		18BD58C32BD0EC7300CC6916 /* ProductDetailsTableViewCell.m */ = {isa = PBXFileReference; lastKnownFileType = sourcecode.c.objc; path = ProductDetailsTableViewCell.m; sourceTree = "<group>"; };
		18BD58C42BD0EC7300CC6916 /* ProductDetailsTableViewCell.xib */ = {isa = PBXFileReference; lastKnownFileType = file.xib; path = ProductDetailsTableViewCell.xib; sourceTree = "<group>"; };
		18C786C82BD63BAC006CF31E /* ProductDetailsFooterView.xib */ = {isa = PBXFileReference; lastKnownFileType = file.xib; path = ProductDetailsFooterView.xib; sourceTree = "<group>"; };
		18C786CA2BD63CE7006CF31E /* ProductDetailsFooterView.h */ = {isa = PBXFileReference; lastKnownFileType = sourcecode.c.h; path = ProductDetailsFooterView.h; sourceTree = "<group>"; };
		18C786CB2BD63CE7006CF31E /* ProductDetailsFooterView.m */ = {isa = PBXFileReference; lastKnownFileType = sourcecode.c.objc; path = ProductDetailsFooterView.m; sourceTree = "<group>"; };
		18C786CE2BD691B6006CF31E /* ProductDetailsImageCollectionViewCell.h */ = {isa = PBXFileReference; lastKnownFileType = sourcecode.c.h; path = ProductDetailsImageCollectionViewCell.h; sourceTree = "<group>"; };
		18C786CF2BD691B7006CF31E /* ProductDetailsImageCollectionViewCell.m */ = {isa = PBXFileReference; lastKnownFileType = sourcecode.c.objc; path = ProductDetailsImageCollectionViewCell.m; sourceTree = "<group>"; };
		18C786D02BD691B7006CF31E /* ProductDetailsImageCollectionViewCell.xib */ = {isa = PBXFileReference; lastKnownFileType = file.xib; path = ProductDetailsImageCollectionViewCell.xib; sourceTree = "<group>"; };
		18E029CC2BBD32AD0085A330 /* HomeCategoriesTableViewCell.h */ = {isa = PBXFileReference; lastKnownFileType = sourcecode.c.h; path = HomeCategoriesTableViewCell.h; sourceTree = "<group>"; };
		18E029CD2BBD32AD0085A330 /* HomeCategoriesTableViewCell.m */ = {isa = PBXFileReference; lastKnownFileType = sourcecode.c.objc; path = HomeCategoriesTableViewCell.m; sourceTree = "<group>"; };
		18E029CE2BBD32AD0085A330 /* HomeCategoriesTableViewCell.xib */ = {isa = PBXFileReference; lastKnownFileType = file.xib; path = HomeCategoriesTableViewCell.xib; sourceTree = "<group>"; };
		18E029D22BBD33550085A330 /* HomeProductListCollectionViewCell.h */ = {isa = PBXFileReference; lastKnownFileType = sourcecode.c.h; path = HomeProductListCollectionViewCell.h; sourceTree = "<group>"; };
		18E029D32BBD33550085A330 /* HomeProductListCollectionViewCell.m */ = {isa = PBXFileReference; lastKnownFileType = sourcecode.c.objc; path = HomeProductListCollectionViewCell.m; sourceTree = "<group>"; };
		18E029D42BBD33550085A330 /* HomeProductListCollectionViewCell.xib */ = {isa = PBXFileReference; lastKnownFileType = file.xib; path = HomeProductListCollectionViewCell.xib; sourceTree = "<group>"; };
		18E029D72BBD3C9D0085A330 /* HomeViewModel.h */ = {isa = PBXFileReference; lastKnownFileType = sourcecode.c.h; path = HomeViewModel.h; sourceTree = "<group>"; };
		18E029D82BBD3C9D0085A330 /* HomeViewModel.m */ = {isa = PBXFileReference; lastKnownFileType = sourcecode.c.objc; path = HomeViewModel.m; sourceTree = "<group>"; };
		18E029DC2BBD59F80085A330 /* CommonFunctions.h */ = {isa = PBXFileReference; lastKnownFileType = sourcecode.c.h; path = CommonFunctions.h; sourceTree = "<group>"; };
		18E029DD2BBD59F80085A330 /* CommonFunctions.m */ = {isa = PBXFileReference; lastKnownFileType = sourcecode.c.objc; path = CommonFunctions.m; sourceTree = "<group>"; };
		18E029E02BBD60B50085A330 /* HomeService.h */ = {isa = PBXFileReference; lastKnownFileType = sourcecode.c.h; path = HomeService.h; sourceTree = "<group>"; };
		18E029E12BBD60B50085A330 /* HomeService.m */ = {isa = PBXFileReference; lastKnownFileType = sourcecode.c.objc; path = HomeService.m; sourceTree = "<group>"; };
		18E029E32BBD62C20085A330 /* Products.h */ = {isa = PBXFileReference; lastKnownFileType = sourcecode.c.h; path = Products.h; sourceTree = "<group>"; };
		18E029E42BBD62C20085A330 /* Products.m */ = {isa = PBXFileReference; lastKnownFileType = sourcecode.c.objc; path = Products.m; sourceTree = "<group>"; };
		18E029E72BBD8BE40085A330 /* Protocols.h */ = {isa = PBXFileReference; lastKnownFileType = sourcecode.c.h; path = Protocols.h; sourceTree = "<group>"; };
		6B7F9B3A38B17F374A2A6B63 /* Pods-ObjcDemo Project.debug.xcconfig */ = {isa = PBXFileReference; includeInIndex = 1; lastKnownFileType = text.xcconfig; name = "Pods-ObjcDemo Project.debug.xcconfig"; path = "Target Support Files/Pods-ObjcDemo Project/Pods-ObjcDemo Project.debug.xcconfig"; sourceTree = "<group>"; };
		6EC8DBA3A260B3E30F281812 /* Pods_ObjcDemo_Project_ObjcDemo_ProjectUITests.framework */ = {isa = PBXFileReference; explicitFileType = wrapper.framework; includeInIndex = 0; path = Pods_ObjcDemo_Project_ObjcDemo_ProjectUITests.framework; sourceTree = BUILT_PRODUCTS_DIR; };
		72A50C498D45598ACE6B3474 /* Pods-ObjcDemo Project-ObjcDemo ProjectUITests.debug.xcconfig */ = {isa = PBXFileReference; includeInIndex = 1; lastKnownFileType = text.xcconfig; name = "Pods-ObjcDemo Project-ObjcDemo ProjectUITests.debug.xcconfig"; path = "Target Support Files/Pods-ObjcDemo Project-ObjcDemo ProjectUITests/Pods-ObjcDemo Project-ObjcDemo ProjectUITests.debug.xcconfig"; sourceTree = "<group>"; };
		8D91066D95639D06FFA5D676 /* Pods-ObjcDemo Project.release.xcconfig */ = {isa = PBXFileReference; includeInIndex = 1; lastKnownFileType = text.xcconfig; name = "Pods-ObjcDemo Project.release.xcconfig"; path = "Target Support Files/Pods-ObjcDemo Project/Pods-ObjcDemo Project.release.xcconfig"; sourceTree = "<group>"; };
		AA849E2C2D9276D4B3240947 /* Pods-ObjcDemo Project-ObjcDemo ProjectUITests.release.xcconfig */ = {isa = PBXFileReference; includeInIndex = 1; lastKnownFileType = text.xcconfig; name = "Pods-ObjcDemo Project-ObjcDemo ProjectUITests.release.xcconfig"; path = "Target Support Files/Pods-ObjcDemo Project-ObjcDemo ProjectUITests/Pods-ObjcDemo Project-ObjcDemo ProjectUITests.release.xcconfig"; sourceTree = "<group>"; };
		B5E8E7DDD1123E5F5E552E8E /* Pods_ObjcDemo_ProjectTests.framework */ = {isa = PBXFileReference; explicitFileType = wrapper.framework; includeInIndex = 0; path = Pods_ObjcDemo_ProjectTests.framework; sourceTree = BUILT_PRODUCTS_DIR; };
		D92DC9CBE27A2269ED2771A1 /* Pods-ObjcDemo ProjectTests.release.xcconfig */ = {isa = PBXFileReference; includeInIndex = 1; lastKnownFileType = text.xcconfig; name = "Pods-ObjcDemo ProjectTests.release.xcconfig"; path = "Target Support Files/Pods-ObjcDemo ProjectTests/Pods-ObjcDemo ProjectTests.release.xcconfig"; sourceTree = "<group>"; };
		ED7A7A79FB68C32B5C102CA8 /* Pods-ObjcDemo ProjectTests.debug.xcconfig */ = {isa = PBXFileReference; includeInIndex = 1; lastKnownFileType = text.xcconfig; name = "Pods-ObjcDemo ProjectTests.debug.xcconfig"; path = "Target Support Files/Pods-ObjcDemo ProjectTests/Pods-ObjcDemo ProjectTests.debug.xcconfig"; sourceTree = "<group>"; };
/* End PBXFileReference section */

/* Begin PBXFrameworksBuildPhase section */
		18B76C9B2B91B05C00F6A373 /* Frameworks */ = {
			isa = PBXFrameworksBuildPhase;
			buildActionMask = 2147483647;
			files = (
				504DB02791F1020F892B24F2 /* Pods_ObjcDemo_Project.framework in Frameworks */,
			);
			runOnlyForDeploymentPostprocessing = 0;
		};
		18B76CB62B91B05E00F6A373 /* Frameworks */ = {
			isa = PBXFrameworksBuildPhase;
			buildActionMask = 2147483647;
			files = (
				B412F043F055D538E58CC99C /* Pods_ObjcDemo_ProjectTests.framework in Frameworks */,
			);
			runOnlyForDeploymentPostprocessing = 0;
		};
		18B76CC02B91B05E00F6A373 /* Frameworks */ = {
			isa = PBXFrameworksBuildPhase;
			buildActionMask = 2147483647;
			files = (
				99A7C6B14F5CEFA822755842 /* Pods_ObjcDemo_Project_ObjcDemo_ProjectUITests.framework in Frameworks */,
			);
			runOnlyForDeploymentPostprocessing = 0;
		};
/* End PBXFrameworksBuildPhase section */

/* Begin PBXGroup section */
		183DE7CE2BAC5E130053C061 /* Frameworks */ = {
			isa = PBXGroup;
			children = (
				183DE7CF2BAC5E130053C061 /* ParseIntoModel.framework */,
				16E46762C9E07A99CEED1943 /* Pods_ObjcDemo_Project.framework */,
				6EC8DBA3A260B3E30F281812 /* Pods_ObjcDemo_Project_ObjcDemo_ProjectUITests.framework */,
				B5E8E7DDD1123E5F5E552E8E /* Pods_ObjcDemo_ProjectTests.framework */,
			);
			name = Frameworks;
			sourceTree = "<group>";
		};
		18732E232BBAD2A9000C0CA8 /* Home */ = {
			isa = PBXGroup;
			children = (
				18E029DF2BBD60960085A330 /* HomeService */,
				18732E3D2BBAD499000C0CA8 /* Model */,
				18732E3C2BBAD492000C0CA8 /* ViewModel */,
				18732E372BBAD418000C0CA8 /* View */,
			);
			path = Home;
			sourceTree = "<group>";
		};
		18732E242BBAD2B2000C0CA8 /* Profile */ = {
			isa = PBXGroup;
			children = (
				18732E3B2BBAD43C000C0CA8 /* Model */,
				18732E3A2BBAD435000C0CA8 /* ViewModel */,
				18732E362BBAD408000C0CA8 /* View */,
			);
			path = Profile;
			sourceTree = "<group>";
		};
		18732E252BBAD2DD000C0CA8 /* Cart */ = {
			isa = PBXGroup;
			children = (
				18732E392BBAD430000C0CA8 /* Model */,
				18732E382BBAD428000C0CA8 /* ViewModel */,
				18732E352BBAD3FC000C0CA8 /* View */,
			);
			path = Cart;
			sourceTree = "<group>";
		};
		18732E352BBAD3FC000C0CA8 /* View */ = {
			isa = PBXGroup;
			children = (
				18732E302BBAD374000C0CA8 /* CartVC.h */,
				18732E312BBAD374000C0CA8 /* CartVC.m */,
				18732E322BBAD374000C0CA8 /* CartVC.xib */,
			);
			path = View;
			sourceTree = "<group>";
		};
		18732E362BBAD408000C0CA8 /* View */ = {
			isa = PBXGroup;
			children = (
				18732E2B2BBAD323000C0CA8 /* ProfileVC.h */,
				18732E2C2BBAD323000C0CA8 /* ProfileVC.m */,
				18732E2D2BBAD323000C0CA8 /* ProfileVC.xib */,
			);
			path = View;
			sourceTree = "<group>";
		};
		18732E372BBAD418000C0CA8 /* View */ = {
			isa = PBXGroup;
			children = (
				18E029CA2BBD32570085A330 /* Cells */,
				18732E262BBAD30C000C0CA8 /* HomeVC.h */,
				18732E272BBAD30C000C0CA8 /* HomeVC.m */,
				18732E282BBAD30C000C0CA8 /* HomeVC.xib */,
			);
			path = View;
			sourceTree = "<group>";
		};
		18732E382BBAD428000C0CA8 /* ViewModel */ = {
			isa = PBXGroup;
			children = (
			);
			path = ViewModel;
			sourceTree = "<group>";
		};
		18732E392BBAD430000C0CA8 /* Model */ = {
			isa = PBXGroup;
			children = (
			);
			path = Model;
			sourceTree = "<group>";
		};
		18732E3A2BBAD435000C0CA8 /* ViewModel */ = {
			isa = PBXGroup;
			children = (
			);
			path = ViewModel;
			sourceTree = "<group>";
		};
		18732E3B2BBAD43C000C0CA8 /* Model */ = {
			isa = PBXGroup;
			children = (
			);
			path = Model;
			sourceTree = "<group>";
		};
		18732E3C2BBAD492000C0CA8 /* ViewModel */ = {
			isa = PBXGroup;
			children = (
				18E029D72BBD3C9D0085A330 /* HomeViewModel.h */,
				18E029D82BBD3C9D0085A330 /* HomeViewModel.m */,
			);
			path = ViewModel;
			sourceTree = "<group>";
		};
		18732E3D2BBAD499000C0CA8 /* Model */ = {
			isa = PBXGroup;
			children = (
				18E029E32BBD62C20085A330 /* Products.h */,
				18E029E42BBD62C20085A330 /* Products.m */,
			);
			path = Model;
			sourceTree = "<group>";
		};
		18732E3E2BBAEA2D000C0CA8 /* Validation */ = {
			isa = PBXGroup;
			children = (
				18A6B2B02B91EC50000E3209 /* Validation.m */,
				18A01C922B95EE250033EF21 /* Validation.h */,
			);
			path = Validation;
			sourceTree = "<group>";
		};
		18732E3F2BBAEA38000C0CA8 /* Base Class */ = {
			isa = PBXGroup;
			children = (
				18732E402BBAEBA6000C0CA8 /* BaseVC.h */,
				18732E412BBAEBA6000C0CA8 /* BaseVC.m */,
			);
			path = "Base Class";
			sourceTree = "<group>";
		};
		18732E432BBAF0BD000C0CA8 /* CustomTabBar */ = {
			isa = PBXGroup;
			children = (
				18732E442BBAF0F0000C0CA8 /* CustomTabBar.h */,
				18732E452BBAF0F0000C0CA8 /* CustomTabBar.m */,
			);
			path = CustomTabBar;
			sourceTree = "<group>";
		};
		1878F7FE2BAADA8C007FA01E /* SubmitButtonCell */ = {
			isa = PBXGroup;
			children = (
				1878F7FF2BAADAE9007FA01E /* SubmitButtonTableViewCell.h */,
				1878F8002BAADAE9007FA01E /* SubmitButtonTableViewCell.m */,
				1878F8012BAADAE9007FA01E /* SubmitButtonTableViewCell.xib */,
			);
			path = SubmitButtonCell;
			sourceTree = "<group>";
		};
		187BFC462BB6E4EF00F7500A /* Model */ = {
			isa = PBXGroup;
			children = (
			);
			path = Model;
			sourceTree = "<group>";
		};
		187BFC472BB6E4F300F7500A /* View Model */ = {
			isa = PBXGroup;
			children = (
			);
			path = "View Model";
			sourceTree = "<group>";
		};
		187BFC482BB6E50400F7500A /* View */ = {
			isa = PBXGroup;
			children = (
				18732E252BBAD2DD000C0CA8 /* Cart */,
				18732E242BBAD2B2000C0CA8 /* Profile */,
				18732E232BBAD2A9000C0CA8 /* Home */,
				18732E1E2BBACCB8000C0CA8 /* TabBarVC.h */,
				18732E1F2BBACCB8000C0CA8 /* TabBarVC.m */,
				18732E202BBACCB8000C0CA8 /* TabBarVC.xib */,
			);
			path = View;
			sourceTree = "<group>";
		};
		189E180D2BC3D5DF00944B13 /* Loader Files */ = {
			isa = PBXGroup;
			children = (
				189E186D2BC3F9C100944B13 /* NVActivityIndicatorAnimationBallTrianglePath.swift */,
				189E186C2BC3F9C100944B13 /* NVActivityIndicatorShape.swift */,
				189E186E2BC3F9C100944B13 /* NVActivityIndicatorView.swift */,
				189E180E2BC3D64700944B13 /* ObjcDemo Project-Swift.h */,
			);
			path = "Loader Files";
			sourceTree = "<group>";
		};
		18A01C762B9599140033EF21 /* Web Services */ = {
			isa = PBXGroup;
			children = (
				18A01C832B95A7CD0033EF21 /* NetworkConfiguration */,
				18A01C7B2B959EB30033EF21 /* API Services */,
				18A01C772B9599240033EF21 /* API Manager */,
			);
			path = "Web Services";
			sourceTree = "<group>";
		};
		18A01C772B9599240033EF21 /* API Manager */ = {
			isa = PBXGroup;
			children = (
				18A01C782B9599470033EF21 /* API Manager.m */,
				18A01C7A2B959E370033EF21 /* API Manager.h */,
			);
			path = "API Manager";
			sourceTree = "<group>";
		};
		18A01C7B2B959EB30033EF21 /* API Services */ = {
			isa = PBXGroup;
			children = (
				18A01C7E2B959EF30033EF21 /* API Services.m */,
				18A01C822B95A7890033EF21 /* API Services.h */,
			);
			path = "API Services";
			sourceTree = "<group>";
		};
		18A01C832B95A7CD0033EF21 /* NetworkConfiguration */ = {
			isa = PBXGroup;
			children = (
				18A01C842B95A7FE0033EF21 /* NetworkConfiguration.h */,
				18A01C852B95A7FE0033EF21 /* NetworkConfiguration.m */,
			);
			path = NetworkConfiguration;
			sourceTree = "<group>";
		};
		18A01C872B95CB310033EF21 /* Web Service */ = {
			isa = PBXGroup;
			children = (
				18A01C882B95CB580033EF21 /* LoginService.h */,
				18A01C892B95CB580033EF21 /* LoginService.m */,
			);
			path = "Web Service";
			sourceTree = "<group>";
		};
		18A01C8B2B95CC380033EF21 /* Model */ = {
			isa = PBXGroup;
			children = (
				18A01C8F2B95CFE80033EF21 /* User.h */,
				18A01C902B95EBBD0033EF21 /* User.m */,
			);
			path = Model;
			sourceTree = "<group>";
		};
		18A051982BAD609E004A02D7 /* RegisterService */ = {
			isa = PBXGroup;
			children = (
				18A051992BAD60C5004A02D7 /* RegisterService.h */,
				18A0519A2BAD60C5004A02D7 /* RegisterService.m */,
			);
			path = RegisterService;
			sourceTree = "<group>";
		};
		18A4EFDB2BD782F800B766CF /* RateNow */ = {
			isa = PBXGroup;
			children = (
				18A4EFDD2BD7834A00B766CF /* View */,
			);
			path = RateNow;
			sourceTree = "<group>";
		};
		18A4EFDC2BD7830F00B766CF /* AddToCart */ = {
			isa = PBXGroup;
			children = (
				18A4EFE02BD7836300B766CF /* View */,
			);
			path = AddToCart;
			sourceTree = "<group>";
		};
		18A4EFDD2BD7834A00B766CF /* View */ = {
			isa = PBXGroup;
			children = (
				18A4EFE12BD7837B00B766CF /* RateNowVC.h */,
				18A4EFE22BD7837B00B766CF /* RateNowVC.m */,
				18A4EFE32BD7837B00B766CF /* RateNowVC.xib */,
			);
			path = View;
			sourceTree = "<group>";
		};
		18A4EFE02BD7836300B766CF /* View */ = {
			isa = PBXGroup;
			children = (
				18A4EFE62BD7838C00B766CF /* AddToCartVC.h */,
				18A4EFE72BD7838C00B766CF /* AddToCartVC.m */,
				18A4EFE82BD7838C00B766CF /* AddToCart.xib */,
			);
			path = View;
			sourceTree = "<group>";
		};
		18A6B2A12B91DC69000E3209 /* View */ = {
			isa = PBXGroup;
			children = (
				18A6B2AA2B91DE04000E3209 /* Cells */,
				18A6B2A42B91DC9F000E3209 /* RegisterVC.h */,
				18A6B2A52B91DC9F000E3209 /* RegisterVC.m */,
				18A6B2A62B91DC9F000E3209 /* RegisterVC.xib */,
			);
			path = View;
			sourceTree = "<group>";
		};
		18A6B2A22B91DC6F000E3209 /* ViewModel */ = {
			isa = PBXGroup;
			children = (
				189D5E712BABFDE3009FF741 /* RegisterViewModel.h */,
				189D5E722BABFDE3009FF741 /* RegisterViewModel.m */,
			);
			path = ViewModel;
			sourceTree = "<group>";
		};
		18A6B2AA2B91DE04000E3209 /* Cells */ = {
			isa = PBXGroup;
			children = (
				1878F7FE2BAADA8C007FA01E /* SubmitButtonCell */,
				18AB90E32B98846000F174E3 /* RegisterHeaderView */,
				18AB90E22B98844300F174E3 /* TextFieldCell */,
			);
			path = Cells;
			sourceTree = "<group>";
		};
		18AB90E12B9856B200F174E3 /* Model */ = {
			isa = PBXGroup;
			children = (
				189D5E742BAC0050009FF741 /* RegisterModel.h */,
				189D5E752BAC0050009FF741 /* RegisterModel.m */,
			);
			path = Model;
			sourceTree = "<group>";
		};
		18AB90E22B98844300F174E3 /* TextFieldCell */ = {
			isa = PBXGroup;
			children = (
				18A6B2AB2B91DE41000E3209 /* TextFieldTableViewCell.h */,
				18A6B2AC2B91DE41000E3209 /* TextFieldTableViewCell.m */,
				18A6B2AD2B91DE41000E3209 /* TextFieldTableViewCell.xib */,
				1878F8052BAB1A19007FA01E /* TextFieldTableViewCellDelegate.h */,
			);
			path = TextFieldCell;
			sourceTree = "<group>";
		};
		18AB90E32B98846000F174E3 /* RegisterHeaderView */ = {
			isa = PBXGroup;
			children = (
				18AB90E52B9884AC00F174E3 /* RegisterHeaderView.xib */,
				18AB90E72B98853A00F174E3 /* RegisterHeaderView.h */,
				18AB90E82B98853A00F174E3 /* RegisterHeaderView.m */,
			);
			path = RegisterHeaderView;
			sourceTree = "<group>";
		};
		18B76C952B91B05C00F6A373 = {
			isa = PBXGroup;
			children = (
				18B76CA02B91B05C00F6A373 /* ObjcDemo Project */,
				18B76CBC2B91B05E00F6A373 /* ObjcDemo ProjectTests */,
				18B76CC62B91B05E00F6A373 /* ObjcDemo ProjectUITests */,
				18B76C9F2B91B05C00F6A373 /* Products */,
				183DE7CE2BAC5E130053C061 /* Frameworks */,
				88B4C017CD287506679FA69D /* Pods */,
			);
			sourceTree = "<group>";
		};
		18B76C9F2B91B05C00F6A373 /* Products */ = {
			isa = PBXGroup;
			children = (
				18B76C9E2B91B05C00F6A373 /* ObjcDemo Project.app */,
				18B76CB92B91B05E00F6A373 /* ObjcDemo ProjectTests.xctest */,
				18B76CC32B91B05E00F6A373 /* ObjcDemo ProjectUITests.xctest */,
			);
			name = Products;
			sourceTree = "<group>";
		};
		18B76CA02B91B05C00F6A373 /* ObjcDemo Project */ = {
			isa = PBXGroup;
			children = (
				18A01C762B9599140033EF21 /* Web Services */,
				18B76CDA2B91B0CD00F6A373 /* Pages */,
				18B76CEA2B91B80A00F6A373 /* Utilities */,
				18B76CD72B91B06F00F6A373 /* Application */,
				18B76CDF2B91B15E00F6A373 /* Resources */,
				18B76CAA2B91B05C00F6A373 /* Main.storyboard */,
				18B76CAF2B91B05D00F6A373 /* LaunchScreen.storyboard */,
				18B76CB22B91B05D00F6A373 /* Info.plist */,
			);
			path = "ObjcDemo Project";
			sourceTree = "<group>";
		};
		18B76CBC2B91B05E00F6A373 /* ObjcDemo ProjectTests */ = {
			isa = PBXGroup;
			children = (
				18B76CBD2B91B05E00F6A373 /* ObjcDemo_ProjectTests.m */,
			);
			path = "ObjcDemo ProjectTests";
			sourceTree = "<group>";
		};
		18B76CC62B91B05E00F6A373 /* ObjcDemo ProjectUITests */ = {
			isa = PBXGroup;
			children = (
				18B76CC72B91B05E00F6A373 /* ObjcDemo_ProjectUITests.m */,
				18B76CC92B91B05E00F6A373 /* ObjcDemo_ProjectUITestsLaunchTests.m */,
			);
			path = "ObjcDemo ProjectUITests";
			sourceTree = "<group>";
		};
		18B76CD72B91B06F00F6A373 /* Application */ = {
			isa = PBXGroup;
			children = (
				18B76CB32B91B05D00F6A373 /* main.m */,
				18B76CD92B91B0B900F6A373 /* SceneDelegate */,
				18B76CD82B91B0A200F6A373 /* AppDelegate */,
			);
			path = Application;
			sourceTree = "<group>";
		};
		18B76CD82B91B0A200F6A373 /* AppDelegate */ = {
			isa = PBXGroup;
			children = (
				18B76CA12B91B05C00F6A373 /* AppDelegate.h */,
				18B76CA22B91B05C00F6A373 /* AppDelegate.m */,
			);
			path = AppDelegate;
			sourceTree = "<group>";
		};
		18B76CD92B91B0B900F6A373 /* SceneDelegate */ = {
			isa = PBXGroup;
			children = (
				18B76CA42B91B05C00F6A373 /* SceneDelegate.h */,
				18B76CA52B91B05C00F6A373 /* SceneDelegate.m */,
			);
			path = SceneDelegate;
			sourceTree = "<group>";
		};
		18B76CDA2B91B0CD00F6A373 /* Pages */ = {
			isa = PBXGroup;
			children = (
				18BA05182BC024110028AC93 /* ProductDetails */,
				18B76CDE2B91B0EE00F6A373 /* TabBar */,
				18B76CDD2B91B0E100F6A373 /* OTPVerification */,
				18B76CDC2B91B0DB00F6A373 /* Register */,
				18B76CDB2B91B0D600F6A373 /* Login */,
			);
			path = Pages;
			sourceTree = "<group>";
		};
		18B76CDB2B91B0D600F6A373 /* Login */ = {
			isa = PBXGroup;
			children = (
				18A01C8B2B95CC380033EF21 /* Model */,
				18A01C872B95CB310033EF21 /* Web Service */,
				18B76CE62B91B69F00F6A373 /* ViewModel */,
				18B76CE52B91B69A00F6A373 /* View */,
			);
			path = Login;
			sourceTree = "<group>";
		};
		18B76CDC2B91B0DB00F6A373 /* Register */ = {
			isa = PBXGroup;
			children = (
				18A051982BAD609E004A02D7 /* RegisterService */,
				18AB90E12B9856B200F174E3 /* Model */,
				18A6B2A22B91DC6F000E3209 /* ViewModel */,
				18A6B2A12B91DC69000E3209 /* View */,
			);
			path = Register;
			sourceTree = "<group>";
		};
		18B76CDD2B91B0E100F6A373 /* OTPVerification */ = {
			isa = PBXGroup;
			children = (
				18BAF3A32BB2CB8A004D181E /* View */,
				18BAF3A22BB2CB86004D181E /* Model */,
				18BAF3A12BB2CB7F004D181E /* ViewModel */,
			);
			path = OTPVerification;
			sourceTree = "<group>";
		};
		18B76CDE2B91B0EE00F6A373 /* TabBar */ = {
			isa = PBXGroup;
			children = (
				187BFC482BB6E50400F7500A /* View */,
				187BFC472BB6E4F300F7500A /* View Model */,
				187BFC462BB6E4EF00F7500A /* Model */,
			);
			path = TabBar;
			sourceTree = "<group>";
		};
		18B76CDF2B91B15E00F6A373 /* Resources */ = {
			isa = PBXGroup;
			children = (
				18B76CAD2B91B05D00F6A373 /* Assets.xcassets */,
			);
			path = Resources;
			sourceTree = "<group>";
		};
		18B76CE52B91B69A00F6A373 /* View */ = {
			isa = PBXGroup;
			children = (
				18B76CE02B91B69500F6A373 /* LoginVC.h */,
				18B76CE12B91B69500F6A373 /* LoginVC.m */,
				18B76CE22B91B69500F6A373 /* LoginVC.xib */,
			);
			path = View;
			sourceTree = "<group>";
		};
		18B76CE62B91B69F00F6A373 /* ViewModel */ = {
			isa = PBXGroup;
			children = (
				18B76CE72B91B6C100F6A373 /* LoginViewModel.h */,
				18B76CE82B91B6C100F6A373 /* LoginViewModel.m */,
			);
			path = ViewModel;
			sourceTree = "<group>";
		};
		18B76CEA2B91B80A00F6A373 /* Utilities */ = {
			isa = PBXGroup;
			children = (
				189E180D2BC3D5DF00944B13 /* Loader Files */,
				18E029E62BBD8BC40085A330 /* Protocols */,
				18E029DB2BBD59E20085A330 /* Common Functions */,
				18732E432BBAF0BD000C0CA8 /* CustomTabBar */,
				18732E3F2BBAEA38000C0CA8 /* Base Class */,
				18732E3E2BBAEA2D000C0CA8 /* Validation */,
			);
			path = Utilities;
			sourceTree = "<group>";
		};
		18BA05182BC024110028AC93 /* ProductDetails */ = {
			isa = PBXGroup;
			children = (
				18BA05242BC024810028AC93 /* ProductDetailsService */,
				18BA051B2BC024300028AC93 /* Model */,
				18BA051A2BC024260028AC93 /* ViewModel */,
				18BA05192BC024200028AC93 /* View */,
			);
			path = ProductDetails;
			sourceTree = "<group>";
		};
		18BA05192BC024200028AC93 /* View */ = {
			isa = PBXGroup;
			children = (
				18A4EFDC2BD7830F00B766CF /* AddToCart */,
				18A4EFDB2BD782F800B766CF /* RateNow */,
				18BD58BE2BD0EB8900CC6916 /* Cells */,
				18BA051C2BC0244F0028AC93 /* ProductDetailsVC.h */,
				18BA051D2BC0244F0028AC93 /* ProductDetailsVC.m */,
				18BA051E2BC0244F0028AC93 /* ProductDetailsVC.xib */,
			);
			path = View;
			sourceTree = "<group>";
		};
		18BA051A2BC024260028AC93 /* ViewModel */ = {
			isa = PBXGroup;
			children = (
				18BA05212BC024760028AC93 /* ProductDetailsViewModel.h */,
				18BA05222BC024760028AC93 /* ProductDetailsViewModel.m */,
			);
			path = ViewModel;
			sourceTree = "<group>";
		};
		18BA051B2BC024300028AC93 /* Model */ = {
			isa = PBXGroup;
			children = (
				18BA05252BC024B00028AC93 /* ProductDetails.h */,
				18BA05262BC024B00028AC93 /* ProductDetails.m */,
			);
			path = Model;
			sourceTree = "<group>";
		};
		18BA05242BC024810028AC93 /* ProductDetailsService */ = {
			isa = PBXGroup;
			children = (
				18578B552BC42E10009C6585 /* ProductDetailsService.h */,
				18578B562BC42E10009C6585 /* ProductDetailsService.m */,
			);
			path = ProductDetailsService;
			sourceTree = "<group>";
		};
		18BA05282BC02E0E0028AC93 /* RatingCollectionViewCell */ = {
			isa = PBXGroup;
			children = (
				18BA05292BC02E3F0028AC93 /* RatingCollectionViewCell.h */,
				18BA052A2BC02E3F0028AC93 /* RatingCollectionViewCell.m */,
				18BA052B2BC02E3F0028AC93 /* RatingCollectionViewCell.xib */,
			);
			path = RatingCollectionViewCell;
			sourceTree = "<group>";
		};
		18BAF3A12BB2CB7F004D181E /* ViewModel */ = {
			isa = PBXGroup;
			children = (
			);
			path = ViewModel;
			sourceTree = "<group>";
		};
		18BAF3A22BB2CB86004D181E /* Model */ = {
			isa = PBXGroup;
			children = (
			);
			path = Model;
			sourceTree = "<group>";
		};
		18BAF3A32BB2CB8A004D181E /* View */ = {
			isa = PBXGroup;
			children = (
				18BAF3A42BB2CBAC004D181E /* OTPVerificationVC.h */,
				18BAF3A52BB2CBAC004D181E /* OTPVerificationVC.m */,
				18BAF3A62BB2CBAC004D181E /* OTPVerificationVC.xib */,
			);
			path = View;
			sourceTree = "<group>";
		};
		18BD58BE2BD0EB8900CC6916 /* Cells */ = {
			isa = PBXGroup;
			children = (
				18C786CD2BD6914B006CF31E /* ProductDetailsImageCell */,
				18C786C72BD63B7B006CF31E /* ProductDetailsFooterView */,
				18C786C62BD63B68006CF31E /* ProductDetailsTableViewCell */,
			);
			path = Cells;
			sourceTree = "<group>";
		};
		18C786C62BD63B68006CF31E /* ProductDetailsTableViewCell */ = {
			isa = PBXGroup;
			children = (
				18BD58C22BD0EC7300CC6916 /* ProductDetailsTableViewCell.h */,
				18BD58C32BD0EC7300CC6916 /* ProductDetailsTableViewCell.m */,
				18BD58C42BD0EC7300CC6916 /* ProductDetailsTableViewCell.xib */,
			);
			path = ProductDetailsTableViewCell;
			sourceTree = "<group>";
		};
		18C786C72BD63B7B006CF31E /* ProductDetailsFooterView */ = {
			isa = PBXGroup;
			children = (
				18C786C82BD63BAC006CF31E /* ProductDetailsFooterView.xib */,
				18C786CA2BD63CE7006CF31E /* ProductDetailsFooterView.h */,
				18C786CB2BD63CE7006CF31E /* ProductDetailsFooterView.m */,
			);
			path = ProductDetailsFooterView;
			sourceTree = "<group>";
		};
		18C786CD2BD6914B006CF31E /* ProductDetailsImageCell */ = {
			isa = PBXGroup;
			children = (
				18C786CE2BD691B6006CF31E /* ProductDetailsImageCollectionViewCell.h */,
				18C786CF2BD691B7006CF31E /* ProductDetailsImageCollectionViewCell.m */,
				18C786D02BD691B7006CF31E /* ProductDetailsImageCollectionViewCell.xib */,
			);
			path = ProductDetailsImageCell;
			sourceTree = "<group>";
		};
		18E029CA2BBD32570085A330 /* Cells */ = {
			isa = PBXGroup;
			children = (
				18BA05282BC02E0E0028AC93 /* RatingCollectionViewCell */,
				18E029D12BBD32F30085A330 /* HomeProductListCollectionViewCell */,
				18E029CB2BBD325F0085A330 /* HomeCategoriesTableViewCell */,
			);
			path = Cells;
			sourceTree = "<group>";
		};
		18E029CB2BBD325F0085A330 /* HomeCategoriesTableViewCell */ = {
			isa = PBXGroup;
			children = (
				18E029CC2BBD32AD0085A330 /* HomeCategoriesTableViewCell.h */,
				18E029CD2BBD32AD0085A330 /* HomeCategoriesTableViewCell.m */,
				18E029CE2BBD32AD0085A330 /* HomeCategoriesTableViewCell.xib */,
			);
			path = HomeCategoriesTableViewCell;
			sourceTree = "<group>";
		};
		18E029D12BBD32F30085A330 /* HomeProductListCollectionViewCell */ = {
			isa = PBXGroup;
			children = (
				18E029D22BBD33550085A330 /* HomeProductListCollectionViewCell.h */,
				18E029D32BBD33550085A330 /* HomeProductListCollectionViewCell.m */,
				18E029D42BBD33550085A330 /* HomeProductListCollectionViewCell.xib */,
			);
			path = HomeProductListCollectionViewCell;
			sourceTree = "<group>";
		};
		18E029DB2BBD59E20085A330 /* Common Functions */ = {
			isa = PBXGroup;
			children = (
				18E029DC2BBD59F80085A330 /* CommonFunctions.h */,
				18E029DD2BBD59F80085A330 /* CommonFunctions.m */,
			);
			path = "Common Functions";
			sourceTree = "<group>";
		};
		18E029DF2BBD60960085A330 /* HomeService */ = {
			isa = PBXGroup;
			children = (
				18E029E02BBD60B50085A330 /* HomeService.h */,
				18E029E12BBD60B50085A330 /* HomeService.m */,
			);
			path = HomeService;
			sourceTree = "<group>";
		};
		18E029E62BBD8BC40085A330 /* Protocols */ = {
			isa = PBXGroup;
			children = (
				18E029E72BBD8BE40085A330 /* Protocols.h */,
			);
			path = Protocols;
			sourceTree = "<group>";
		};
		88B4C017CD287506679FA69D /* Pods */ = {
			isa = PBXGroup;
			children = (
				6B7F9B3A38B17F374A2A6B63 /* Pods-ObjcDemo Project.debug.xcconfig */,
				8D91066D95639D06FFA5D676 /* Pods-ObjcDemo Project.release.xcconfig */,
				72A50C498D45598ACE6B3474 /* Pods-ObjcDemo Project-ObjcDemo ProjectUITests.debug.xcconfig */,
				AA849E2C2D9276D4B3240947 /* Pods-ObjcDemo Project-ObjcDemo ProjectUITests.release.xcconfig */,
				ED7A7A79FB68C32B5C102CA8 /* Pods-ObjcDemo ProjectTests.debug.xcconfig */,
				D92DC9CBE27A2269ED2771A1 /* Pods-ObjcDemo ProjectTests.release.xcconfig */,
			);
			path = Pods;
			sourceTree = "<group>";
		};
/* End PBXGroup section */

/* Begin PBXNativeTarget section */
		18B76C9D2B91B05C00F6A373 /* ObjcDemo Project */ = {
			isa = PBXNativeTarget;
			buildConfigurationList = 18B76CCD2B91B05E00F6A373 /* Build configuration list for PBXNativeTarget "ObjcDemo Project" */;
			buildPhases = (
				C3CA0AE119CCACFA4A747EBF /* [CP] Check Pods Manifest.lock */,
				18B76C9A2B91B05C00F6A373 /* Sources */,
				18B76C9B2B91B05C00F6A373 /* Frameworks */,
				18B76C9C2B91B05C00F6A373 /* Resources */,
				189D5EB02BAC37B3009FF741 /* Embed Frameworks */,
				D2189E58F53A30347C138B46 /* [CP] Embed Pods Frameworks */,
			);
			buildRules = (
			);
			dependencies = (
			);
			name = "ObjcDemo Project";
			productName = "ObjcDemo Project";
			productReference = 18B76C9E2B91B05C00F6A373 /* ObjcDemo Project.app */;
			productType = "com.apple.product-type.application";
		};
		18B76CB82B91B05E00F6A373 /* ObjcDemo ProjectTests */ = {
			isa = PBXNativeTarget;
			buildConfigurationList = 18B76CD02B91B05E00F6A373 /* Build configuration list for PBXNativeTarget "ObjcDemo ProjectTests" */;
			buildPhases = (
				2BBA41A86CE349162150E959 /* [CP] Check Pods Manifest.lock */,
				18B76CB52B91B05E00F6A373 /* Sources */,
				18B76CB62B91B05E00F6A373 /* Frameworks */,
				18B76CB72B91B05E00F6A373 /* Resources */,
			);
			buildRules = (
			);
			dependencies = (
				18B76CBB2B91B05E00F6A373 /* PBXTargetDependency */,
			);
			name = "ObjcDemo ProjectTests";
			productName = "ObjcDemo ProjectTests";
			productReference = 18B76CB92B91B05E00F6A373 /* ObjcDemo ProjectTests.xctest */;
			productType = "com.apple.product-type.bundle.unit-test";
		};
		18B76CC22B91B05E00F6A373 /* ObjcDemo ProjectUITests */ = {
			isa = PBXNativeTarget;
			buildConfigurationList = 18B76CD32B91B05E00F6A373 /* Build configuration list for PBXNativeTarget "ObjcDemo ProjectUITests" */;
			buildPhases = (
				103811FB02D7D174C96EF42D /* [CP] Check Pods Manifest.lock */,
				18B76CBF2B91B05E00F6A373 /* Sources */,
				18B76CC02B91B05E00F6A373 /* Frameworks */,
				18B76CC12B91B05E00F6A373 /* Resources */,
				D3AD58902FDD6E5ADB00254B /* [CP] Embed Pods Frameworks */,
			);
			buildRules = (
			);
			dependencies = (
				18B76CC52B91B05E00F6A373 /* PBXTargetDependency */,
			);
			name = "ObjcDemo ProjectUITests";
			productName = "ObjcDemo ProjectUITests";
			productReference = 18B76CC32B91B05E00F6A373 /* ObjcDemo ProjectUITests.xctest */;
			productType = "com.apple.product-type.bundle.ui-testing";
		};
/* End PBXNativeTarget section */

/* Begin PBXProject section */
		18B76C962B91B05C00F6A373 /* Project object */ = {
			isa = PBXProject;
			attributes = {
				BuildIndependentTargetsInParallel = 1;
				LastUpgradeCheck = 1510;
				TargetAttributes = {
					18B76C9D2B91B05C00F6A373 = {
						CreatedOnToolsVersion = 15.1;
						LastSwiftMigration = 1510;
					};
					18B76CB82B91B05E00F6A373 = {
						CreatedOnToolsVersion = 15.1;
						TestTargetID = 18B76C9D2B91B05C00F6A373;
					};
					18B76CC22B91B05E00F6A373 = {
						CreatedOnToolsVersion = 15.1;
						TestTargetID = 18B76C9D2B91B05C00F6A373;
					};
				};
			};
			buildConfigurationList = 18B76C992B91B05C00F6A373 /* Build configuration list for PBXProject "ObjcDemo Project" */;
			compatibilityVersion = "Xcode 14.0";
			developmentRegion = en;
			hasScannedForEncodings = 0;
			knownRegions = (
				en,
				Base,
			);
			mainGroup = 18B76C952B91B05C00F6A373;
			productRefGroup = 18B76C9F2B91B05C00F6A373 /* Products */;
			projectDirPath = "";
			projectRoot = "";
			targets = (
				18B76C9D2B91B05C00F6A373 /* ObjcDemo Project */,
				18B76CB82B91B05E00F6A373 /* ObjcDemo ProjectTests */,
				18B76CC22B91B05E00F6A373 /* ObjcDemo ProjectUITests */,
			);
		};
/* End PBXProject section */

/* Begin PBXResourcesBuildPhase section */
		18B76C9C2B91B05C00F6A373 /* Resources */ = {
			isa = PBXResourcesBuildPhase;
			buildActionMask = 2147483647;
			files = (
				18E029D62BBD33550085A330 /* HomeProductListCollectionViewCell.xib in Resources */,
				18AB90E62B9884AC00F174E3 /* RegisterHeaderView.xib in Resources */,
				1878F8032BAADAE9007FA01E /* SubmitButtonTableViewCell.xib in Resources */,
				18C786D22BD691B7006CF31E /* ProductDetailsImageCollectionViewCell.xib in Resources */,
				18732E222BBACCB8000C0CA8 /* TabBarVC.xib in Resources */,
				18C786C92BD63BAC006CF31E /* ProductDetailsFooterView.xib in Resources */,
				18B76CB12B91B05D00F6A373 /* LaunchScreen.storyboard in Resources */,
				18BA05202BC0244F0028AC93 /* ProductDetailsVC.xib in Resources */,
				18732E2F2BBAD323000C0CA8 /* ProfileVC.xib in Resources */,
				18A6B2AF2B91DE41000E3209 /* TextFieldTableViewCell.xib in Resources */,
				18BD58C62BD0EC7300CC6916 /* ProductDetailsTableViewCell.xib in Resources */,
				18732E2A2BBAD30C000C0CA8 /* HomeVC.xib in Resources */,
				18A4EFEA2BD7838C00B766CF /* AddToCart.xib in Resources */,
				18B76CAE2B91B05D00F6A373 /* Assets.xcassets in Resources */,
				18E029D02BBD32AD0085A330 /* HomeCategoriesTableViewCell.xib in Resources */,
				18B76CE42B91B69500F6A373 /* LoginVC.xib in Resources */,
				18BAF3A82BB2CBAC004D181E /* OTPVerificationVC.xib in Resources */,
				18B76CAC2B91B05C00F6A373 /* Main.storyboard in Resources */,
				18A6B2A82B91DC9F000E3209 /* RegisterVC.xib in Resources */,
				18732E342BBAD374000C0CA8 /* CartVC.xib in Resources */,
				18BA052D2BC02E3F0028AC93 /* RatingCollectionViewCell.xib in Resources */,
				18A4EFE52BD7837B00B766CF /* RateNowVC.xib in Resources */,
			);
			runOnlyForDeploymentPostprocessing = 0;
		};
		18B76CB72B91B05E00F6A373 /* Resources */ = {
			isa = PBXResourcesBuildPhase;
			buildActionMask = 2147483647;
			files = (
			);
			runOnlyForDeploymentPostprocessing = 0;
		};
		18B76CC12B91B05E00F6A373 /* Resources */ = {
			isa = PBXResourcesBuildPhase;
			buildActionMask = 2147483647;
			files = (
			);
			runOnlyForDeploymentPostprocessing = 0;
		};
/* End PBXResourcesBuildPhase section */

/* Begin PBXShellScriptBuildPhase section */
		103811FB02D7D174C96EF42D /* [CP] Check Pods Manifest.lock */ = {
			isa = PBXShellScriptBuildPhase;
			buildActionMask = 2147483647;
			files = (
			);
			inputFileListPaths = (
			);
			inputPaths = (
				"${PODS_PODFILE_DIR_PATH}/Podfile.lock",
				"${PODS_ROOT}/Manifest.lock",
			);
			name = "[CP] Check Pods Manifest.lock";
			outputFileListPaths = (
			);
			outputPaths = (
				"$(DERIVED_FILE_DIR)/Pods-ObjcDemo Project-ObjcDemo ProjectUITests-checkManifestLockResult.txt",
			);
			runOnlyForDeploymentPostprocessing = 0;
			shellPath = /bin/sh;
			shellScript = "diff \"${PODS_PODFILE_DIR_PATH}/Podfile.lock\" \"${PODS_ROOT}/Manifest.lock\" > /dev/null\nif [ $? != 0 ] ; then\n    # print error to STDERR\n    echo \"error: The sandbox is not in sync with the Podfile.lock. Run 'pod install' or update your CocoaPods installation.\" >&2\n    exit 1\nfi\n# This output is used by Xcode 'outputs' to avoid re-running this script phase.\necho \"SUCCESS\" > \"${SCRIPT_OUTPUT_FILE_0}\"\n";
			showEnvVarsInLog = 0;
		};
		2BBA41A86CE349162150E959 /* [CP] Check Pods Manifest.lock */ = {
			isa = PBXShellScriptBuildPhase;
			buildActionMask = 2147483647;
			files = (
			);
			inputFileListPaths = (
			);
			inputPaths = (
				"${PODS_PODFILE_DIR_PATH}/Podfile.lock",
				"${PODS_ROOT}/Manifest.lock",
			);
			name = "[CP] Check Pods Manifest.lock";
			outputFileListPaths = (
			);
			outputPaths = (
				"$(DERIVED_FILE_DIR)/Pods-ObjcDemo ProjectTests-checkManifestLockResult.txt",
			);
			runOnlyForDeploymentPostprocessing = 0;
			shellPath = /bin/sh;
			shellScript = "diff \"${PODS_PODFILE_DIR_PATH}/Podfile.lock\" \"${PODS_ROOT}/Manifest.lock\" > /dev/null\nif [ $? != 0 ] ; then\n    # print error to STDERR\n    echo \"error: The sandbox is not in sync with the Podfile.lock. Run 'pod install' or update your CocoaPods installation.\" >&2\n    exit 1\nfi\n# This output is used by Xcode 'outputs' to avoid re-running this script phase.\necho \"SUCCESS\" > \"${SCRIPT_OUTPUT_FILE_0}\"\n";
			showEnvVarsInLog = 0;
		};
		C3CA0AE119CCACFA4A747EBF /* [CP] Check Pods Manifest.lock */ = {
			isa = PBXShellScriptBuildPhase;
			buildActionMask = 2147483647;
			files = (
			);
			inputFileListPaths = (
			);
			inputPaths = (
				"${PODS_PODFILE_DIR_PATH}/Podfile.lock",
				"${PODS_ROOT}/Manifest.lock",
			);
			name = "[CP] Check Pods Manifest.lock";
			outputFileListPaths = (
			);
			outputPaths = (
				"$(DERIVED_FILE_DIR)/Pods-ObjcDemo Project-checkManifestLockResult.txt",
			);
			runOnlyForDeploymentPostprocessing = 0;
			shellPath = /bin/sh;
			shellScript = "diff \"${PODS_PODFILE_DIR_PATH}/Podfile.lock\" \"${PODS_ROOT}/Manifest.lock\" > /dev/null\nif [ $? != 0 ] ; then\n    # print error to STDERR\n    echo \"error: The sandbox is not in sync with the Podfile.lock. Run 'pod install' or update your CocoaPods installation.\" >&2\n    exit 1\nfi\n# This output is used by Xcode 'outputs' to avoid re-running this script phase.\necho \"SUCCESS\" > \"${SCRIPT_OUTPUT_FILE_0}\"\n";
			showEnvVarsInLog = 0;
		};
		D2189E58F53A30347C138B46 /* [CP] Embed Pods Frameworks */ = {
			isa = PBXShellScriptBuildPhase;
			buildActionMask = 2147483647;
			files = (
			);
			inputFileListPaths = (
				"${PODS_ROOT}/Target Support Files/Pods-ObjcDemo Project/Pods-ObjcDemo Project-frameworks-${CONFIGURATION}-input-files.xcfilelist",
			);
			name = "[CP] Embed Pods Frameworks";
			outputFileListPaths = (
				"${PODS_ROOT}/Target Support Files/Pods-ObjcDemo Project/Pods-ObjcDemo Project-frameworks-${CONFIGURATION}-output-files.xcfilelist",
			);
			runOnlyForDeploymentPostprocessing = 0;
			shellPath = /bin/sh;
			shellScript = "\"${PODS_ROOT}/Target Support Files/Pods-ObjcDemo Project/Pods-ObjcDemo Project-frameworks.sh\"\n";
			showEnvVarsInLog = 0;
		};
		D3AD58902FDD6E5ADB00254B /* [CP] Embed Pods Frameworks */ = {
			isa = PBXShellScriptBuildPhase;
			buildActionMask = 2147483647;
			files = (
			);
			inputFileListPaths = (
				"${PODS_ROOT}/Target Support Files/Pods-ObjcDemo Project-ObjcDemo ProjectUITests/Pods-ObjcDemo Project-ObjcDemo ProjectUITests-frameworks-${CONFIGURATION}-input-files.xcfilelist",
			);
			name = "[CP] Embed Pods Frameworks";
			outputFileListPaths = (
				"${PODS_ROOT}/Target Support Files/Pods-ObjcDemo Project-ObjcDemo ProjectUITests/Pods-ObjcDemo Project-ObjcDemo ProjectUITests-frameworks-${CONFIGURATION}-output-files.xcfilelist",
			);
			runOnlyForDeploymentPostprocessing = 0;
			shellPath = /bin/sh;
			shellScript = "\"${PODS_ROOT}/Target Support Files/Pods-ObjcDemo Project-ObjcDemo ProjectUITests/Pods-ObjcDemo Project-ObjcDemo ProjectUITests-frameworks.sh\"\n";
			showEnvVarsInLog = 0;
		};
/* End PBXShellScriptBuildPhase section */

/* Begin PBXSourcesBuildPhase section */
		18B76C9A2B91B05C00F6A373 /* Sources */ = {
			isa = PBXSourcesBuildPhase;
			buildActionMask = 2147483647;
			files = (
				189E186F2BC3F9C100944B13 /* NVActivityIndicatorShape.swift in Sources */,
				18A01C912B95EBBD0033EF21 /* User.m in Sources */,
				1878F8022BAADAE9007FA01E /* SubmitButtonTableViewCell.m in Sources */,
				18A6B2AE2B91DE41000E3209 /* TextFieldTableViewCell.m in Sources */,
				18732E462BBAF0F0000C0CA8 /* CustomTabBar.m in Sources */,
				18732E292BBAD30C000C0CA8 /* HomeVC.m in Sources */,
				18732E2E2BBAD323000C0CA8 /* ProfileVC.m in Sources */,
				18AB90E92B98853A00F174E3 /* RegisterHeaderView.m in Sources */,
				18E029E52BBD62C20085A330 /* Products.m in Sources */,
				18A01C7F2B959EF30033EF21 /* API Services.m in Sources */,
				18B76CA32B91B05C00F6A373 /* AppDelegate.m in Sources */,
				18A6B2B12B91EC50000E3209 /* Validation.m in Sources */,
				18A4EFE92BD7838C00B766CF /* AddToCartVC.m in Sources */,
				18B76CB42B91B05D00F6A373 /* main.m in Sources */,
				18A01C792B9599470033EF21 /* API Manager.m in Sources */,
				18BA051F2BC0244F0028AC93 /* ProductDetailsVC.m in Sources */,
				18E029E22BBD60B50085A330 /* HomeService.m in Sources */,
				18B76CE32B91B69500F6A373 /* LoginVC.m in Sources */,
				18C786D12BD691B7006CF31E /* ProductDetailsImageCollectionViewCell.m in Sources */,
				18A01C8A2B95CB580033EF21 /* LoginService.m in Sources */,
				18BD58C52BD0EC7300CC6916 /* ProductDetailsTableViewCell.m in Sources */,
				18E029CF2BBD32AD0085A330 /* HomeCategoriesTableViewCell.m in Sources */,
				18BA05272BC024B00028AC93 /* ProductDetails.m in Sources */,
				18A6B2A72B91DC9F000E3209 /* RegisterVC.m in Sources */,
				18A0519B2BAD60C5004A02D7 /* RegisterService.m in Sources */,
				18578B572BC42E10009C6585 /* ProductDetailsService.m in Sources */,
				189E18702BC3F9C100944B13 /* NVActivityIndicatorAnimationBallTrianglePath.swift in Sources */,
				18A4EFE42BD7837B00B766CF /* RateNowVC.m in Sources */,
				18732E422BBAEBA6000C0CA8 /* BaseVC.m in Sources */,
				18B76CE92B91B6C100F6A373 /* LoginViewModel.m in Sources */,
				18BA052C2BC02E3F0028AC93 /* RatingCollectionViewCell.m in Sources */,
				18B76CA62B91B05C00F6A373 /* SceneDelegate.m in Sources */,
				18A01C862B95A7FE0033EF21 /* NetworkConfiguration.m in Sources */,
				18E029D52BBD33550085A330 /* HomeProductListCollectionViewCell.m in Sources */,
				18BA05232BC024760028AC93 /* ProductDetailsViewModel.m in Sources */,
				189D5E762BAC0050009FF741 /* RegisterModel.m in Sources */,
				189E18712BC3F9C100944B13 /* NVActivityIndicatorView.swift in Sources */,
				18C786CC2BD63CE7006CF31E /* ProductDetailsFooterView.m in Sources */,
				18E029D92BBD3C9D0085A330 /* HomeViewModel.m in Sources */,
				18BAF3A72BB2CBAC004D181E /* OTPVerificationVC.m in Sources */,
				18732E332BBAD374000C0CA8 /* CartVC.m in Sources */,
				18732E212BBACCB8000C0CA8 /* TabBarVC.m in Sources */,
				189D5E732BABFDE3009FF741 /* RegisterViewModel.m in Sources */,
				18E029DE2BBD59F80085A330 /* CommonFunctions.m in Sources */,
			);
			runOnlyForDeploymentPostprocessing = 0;
		};
		18B76CB52B91B05E00F6A373 /* Sources */ = {
			isa = PBXSourcesBuildPhase;
			buildActionMask = 2147483647;
			files = (
				18B76CBE2B91B05E00F6A373 /* ObjcDemo_ProjectTests.m in Sources */,
			);
			runOnlyForDeploymentPostprocessing = 0;
		};
		18B76CBF2B91B05E00F6A373 /* Sources */ = {
			isa = PBXSourcesBuildPhase;
			buildActionMask = 2147483647;
			files = (
				18B76CC82B91B05E00F6A373 /* ObjcDemo_ProjectUITests.m in Sources */,
				18B76CCA2B91B05E00F6A373 /* ObjcDemo_ProjectUITestsLaunchTests.m in Sources */,
			);
			runOnlyForDeploymentPostprocessing = 0;
		};
/* End PBXSourcesBuildPhase section */

/* Begin PBXTargetDependency section */
		18B76CBB2B91B05E00F6A373 /* PBXTargetDependency */ = {
			isa = PBXTargetDependency;
			target = 18B76C9D2B91B05C00F6A373 /* ObjcDemo Project */;
			targetProxy = 18B76CBA2B91B05E00F6A373 /* PBXContainerItemProxy */;
		};
		18B76CC52B91B05E00F6A373 /* PBXTargetDependency */ = {
			isa = PBXTargetDependency;
			target = 18B76C9D2B91B05C00F6A373 /* ObjcDemo Project */;
			targetProxy = 18B76CC42B91B05E00F6A373 /* PBXContainerItemProxy */;
		};
/* End PBXTargetDependency section */

/* Begin PBXVariantGroup section */
		18B76CAA2B91B05C00F6A373 /* Main.storyboard */ = {
			isa = PBXVariantGroup;
			children = (
				18B76CAB2B91B05C00F6A373 /* Base */,
			);
			name = Main.storyboard;
			sourceTree = "<group>";
		};
		18B76CAF2B91B05D00F6A373 /* LaunchScreen.storyboard */ = {
			isa = PBXVariantGroup;
			children = (
				18B76CB02B91B05D00F6A373 /* Base */,
			);
			name = LaunchScreen.storyboard;
			sourceTree = "<group>";
		};
/* End PBXVariantGroup section */

/* Begin XCBuildConfiguration section */
		18B76CCB2B91B05E00F6A373 /* Debug */ = {
			isa = XCBuildConfiguration;
			buildSettings = {
				ALWAYS_SEARCH_USER_PATHS = NO;
				ASSETCATALOG_COMPILER_GENERATE_SWIFT_ASSET_SYMBOL_EXTENSIONS = YES;
				CLANG_ANALYZER_NONNULL = YES;
				CLANG_ANALYZER_NUMBER_OBJECT_CONVERSION = YES_AGGRESSIVE;
				CLANG_CXX_LANGUAGE_STANDARD = "gnu++20";
				CLANG_ENABLE_MODULES = YES;
				CLANG_ENABLE_OBJC_ARC = YES;
				CLANG_ENABLE_OBJC_WEAK = YES;
				CLANG_WARN_BLOCK_CAPTURE_AUTORELEASING = YES;
				CLANG_WARN_BOOL_CONVERSION = YES;
				CLANG_WARN_COMMA = YES;
				CLANG_WARN_CONSTANT_CONVERSION = YES;
				CLANG_WARN_DEPRECATED_OBJC_IMPLEMENTATIONS = YES;
				CLANG_WARN_DIRECT_OBJC_ISA_USAGE = YES_ERROR;
				CLANG_WARN_DOCUMENTATION_COMMENTS = YES;
				CLANG_WARN_EMPTY_BODY = YES;
				CLANG_WARN_ENUM_CONVERSION = YES;
				CLANG_WARN_INFINITE_RECURSION = YES;
				CLANG_WARN_INT_CONVERSION = YES;
				CLANG_WARN_NON_LITERAL_NULL_CONVERSION = YES;
				CLANG_WARN_OBJC_IMPLICIT_RETAIN_SELF = YES;
				CLANG_WARN_OBJC_LITERAL_CONVERSION = YES;
				CLANG_WARN_OBJC_ROOT_CLASS = YES_ERROR;
				CLANG_WARN_QUOTED_INCLUDE_IN_FRAMEWORK_HEADER = YES;
				CLANG_WARN_RANGE_LOOP_ANALYSIS = YES;
				CLANG_WARN_STRICT_PROTOTYPES = YES;
				CLANG_WARN_SUSPICIOUS_MOVE = YES;
				CLANG_WARN_UNGUARDED_AVAILABILITY = YES_AGGRESSIVE;
				CLANG_WARN_UNREACHABLE_CODE = YES;
				CLANG_WARN__DUPLICATE_METHOD_MATCH = YES;
				COPY_PHASE_STRIP = NO;
				DEBUG_INFORMATION_FORMAT = dwarf;
				DEFINES_MODULE = NO;
				ENABLE_STRICT_OBJC_MSGSEND = YES;
				ENABLE_TESTABILITY = YES;
				ENABLE_USER_SCRIPT_SANDBOXING = YES;
				GCC_C_LANGUAGE_STANDARD = gnu17;
				GCC_DYNAMIC_NO_PIC = NO;
				GCC_NO_COMMON_BLOCKS = YES;
				GCC_OPTIMIZATION_LEVEL = 0;
				GCC_PREPROCESSOR_DEFINITIONS = (
					"DEBUG=1",
					"$(inherited)",
				);
				GCC_WARN_64_TO_32_BIT_CONVERSION = YES;
				GCC_WARN_ABOUT_RETURN_TYPE = YES_ERROR;
				GCC_WARN_UNDECLARED_SELECTOR = YES;
				GCC_WARN_UNINITIALIZED_AUTOS = YES_AGGRESSIVE;
				GCC_WARN_UNUSED_FUNCTION = YES;
				GCC_WARN_UNUSED_VARIABLE = YES;
				IPHONEOS_DEPLOYMENT_TARGET = 17.2;
				LOCALIZATION_PREFERS_STRING_CATALOGS = YES;
				MTL_ENABLE_DEBUG_INFO = INCLUDE_SOURCE;
				MTL_FAST_MATH = YES;
				ONLY_ACTIVE_ARCH = YES;
				SDKROOT = iphoneos;
			};
			name = Debug;
		};
		18B76CCC2B91B05E00F6A373 /* Release */ = {
			isa = XCBuildConfiguration;
			buildSettings = {
				ALWAYS_SEARCH_USER_PATHS = NO;
				ASSETCATALOG_COMPILER_GENERATE_SWIFT_ASSET_SYMBOL_EXTENSIONS = YES;
				CLANG_ANALYZER_NONNULL = YES;
				CLANG_ANALYZER_NUMBER_OBJECT_CONVERSION = YES_AGGRESSIVE;
				CLANG_CXX_LANGUAGE_STANDARD = "gnu++20";
				CLANG_ENABLE_MODULES = YES;
				CLANG_ENABLE_OBJC_ARC = YES;
				CLANG_ENABLE_OBJC_WEAK = YES;
				CLANG_WARN_BLOCK_CAPTURE_AUTORELEASING = YES;
				CLANG_WARN_BOOL_CONVERSION = YES;
				CLANG_WARN_COMMA = YES;
				CLANG_WARN_CONSTANT_CONVERSION = YES;
				CLANG_WARN_DEPRECATED_OBJC_IMPLEMENTATIONS = YES;
				CLANG_WARN_DIRECT_OBJC_ISA_USAGE = YES_ERROR;
				CLANG_WARN_DOCUMENTATION_COMMENTS = YES;
				CLANG_WARN_EMPTY_BODY = YES;
				CLANG_WARN_ENUM_CONVERSION = YES;
				CLANG_WARN_INFINITE_RECURSION = YES;
				CLANG_WARN_INT_CONVERSION = YES;
				CLANG_WARN_NON_LITERAL_NULL_CONVERSION = YES;
				CLANG_WARN_OBJC_IMPLICIT_RETAIN_SELF = YES;
				CLANG_WARN_OBJC_LITERAL_CONVERSION = YES;
				CLANG_WARN_OBJC_ROOT_CLASS = YES_ERROR;
				CLANG_WARN_QUOTED_INCLUDE_IN_FRAMEWORK_HEADER = YES;
				CLANG_WARN_RANGE_LOOP_ANALYSIS = YES;
				CLANG_WARN_STRICT_PROTOTYPES = YES;
				CLANG_WARN_SUSPICIOUS_MOVE = YES;
				CLANG_WARN_UNGUARDED_AVAILABILITY = YES_AGGRESSIVE;
				CLANG_WARN_UNREACHABLE_CODE = YES;
				CLANG_WARN__DUPLICATE_METHOD_MATCH = YES;
				COPY_PHASE_STRIP = NO;
				DEBUG_INFORMATION_FORMAT = "dwarf-with-dsym";
				DEFINES_MODULE = NO;
				ENABLE_NS_ASSERTIONS = NO;
				ENABLE_STRICT_OBJC_MSGSEND = YES;
				ENABLE_USER_SCRIPT_SANDBOXING = YES;
				GCC_C_LANGUAGE_STANDARD = gnu17;
				GCC_NO_COMMON_BLOCKS = YES;
				GCC_WARN_64_TO_32_BIT_CONVERSION = YES;
				GCC_WARN_ABOUT_RETURN_TYPE = YES_ERROR;
				GCC_WARN_UNDECLARED_SELECTOR = YES;
				GCC_WARN_UNINITIALIZED_AUTOS = YES_AGGRESSIVE;
				GCC_WARN_UNUSED_FUNCTION = YES;
				GCC_WARN_UNUSED_VARIABLE = YES;
				IPHONEOS_DEPLOYMENT_TARGET = 17.2;
				LOCALIZATION_PREFERS_STRING_CATALOGS = YES;
				MTL_ENABLE_DEBUG_INFO = NO;
				MTL_FAST_MATH = YES;
				SDKROOT = iphoneos;
				VALIDATE_PRODUCT = YES;
			};
			name = Release;
		};
		18B76CCE2B91B05E00F6A373 /* Debug */ = {
			isa = XCBuildConfiguration;
			baseConfigurationReference = 6B7F9B3A38B17F374A2A6B63 /* Pods-ObjcDemo Project.debug.xcconfig */;
			buildSettings = {
				ASSETCATALOG_COMPILER_APPICON_NAME = AppIcon;
				ASSETCATALOG_COMPILER_GLOBAL_ACCENT_COLOR_NAME = AccentColor;
				CLANG_ENABLE_MODULES = YES;
				CODE_SIGN_STYLE = Automatic;
				CURRENT_PROJECT_VERSION = 1;
				DEFINES_MODULE = YES;
				DEVELOPMENT_TEAM = JDQM4MDQ97;
				ENABLE_USER_SCRIPT_SANDBOXING = NO;
				FRAMEWORK_SEARCH_PATHS = (
					"$(inherited)",
					"$(PROJECT_DIR)/ObjcDemo\\ Project",
					"$(PROJECT_DIR)/ObjcDemo\\ Project",
					"$(PROJECT_DIR)/ObjcDemo\\ Project",
					"$(PROJECT_DIR)/ObjcDemo\\ Project",
					"$(PROJECT_DIR)/ObjcDemo\\ Project",
					"$(PROJECT_DIR)/ObjcDemo\\ Project",
					"$(PROJECT_DIR)/ObjcDemo\\ Project",
					"$(PROJECT_DIR)/ObjcDemo\\ Project",
					"$(PROJECT_DIR)/ObjcDemo\\ Project",
					"$(PROJECT_DIR)/ObjcDemo\\ Project",
					"$(PROJECT_DIR)",
				);
				GENERATE_INFOPLIST_FILE = YES;
				INFOPLIST_FILE = "ObjcDemo Project/Info.plist";
				INFOPLIST_KEY_UIApplicationSupportsIndirectInputEvents = YES;
				INFOPLIST_KEY_UILaunchStoryboardName = LaunchScreen;
				INFOPLIST_KEY_UISupportedInterfaceOrientations_iPad = "UIInterfaceOrientationPortrait UIInterfaceOrientationPortraitUpsideDown UIInterfaceOrientationLandscapeLeft UIInterfaceOrientationLandscapeRight";
				INFOPLIST_KEY_UISupportedInterfaceOrientations_iPhone = "UIInterfaceOrientationPortrait UIInterfaceOrientationLandscapeLeft UIInterfaceOrientationLandscapeRight";
				IPHONEOS_DEPLOYMENT_TARGET = 13;
				LD_RUNPATH_SEARCH_PATHS = (
					"$(inherited)",
					"@executable_path/Frameworks",
				);
				MARKETING_VERSION = 1.0;
				PRODUCT_BUNDLE_IDENTIFIER = "com.practice.ObjcDemo-Project";
				PRODUCT_NAME = "$(TARGET_NAME)";
				SWIFT_EMIT_LOC_STRINGS = YES;
				SWIFT_OBJC_BRIDGING_HEADER = "ObjcDemo Project/Utilities/Loader Files/ObjcDemo Project-Swift.h";
				SWIFT_OPTIMIZATION_LEVEL = "-Onone";
				SWIFT_VERSION = 5.0;
				TARGETED_DEVICE_FAMILY = "1,2";
			};
			name = Debug;
		};
		18B76CCF2B91B05E00F6A373 /* Release */ = {
			isa = XCBuildConfiguration;
			baseConfigurationReference = 8D91066D95639D06FFA5D676 /* Pods-ObjcDemo Project.release.xcconfig */;
			buildSettings = {
				ASSETCATALOG_COMPILER_APPICON_NAME = AppIcon;
				ASSETCATALOG_COMPILER_GLOBAL_ACCENT_COLOR_NAME = AccentColor;
				CLANG_ENABLE_MODULES = YES;
				CODE_SIGN_STYLE = Automatic;
				CURRENT_PROJECT_VERSION = 1;
				DEFINES_MODULE = YES;
				DEVELOPMENT_TEAM = JDQM4MDQ97;
				ENABLE_USER_SCRIPT_SANDBOXING = NO;
				FRAMEWORK_SEARCH_PATHS = (
					"$(inherited)",
					"$(PROJECT_DIR)/ObjcDemo\\ Project",
					"$(PROJECT_DIR)/ObjcDemo\\ Project",
					"$(PROJECT_DIR)/ObjcDemo\\ Project",
					"$(PROJECT_DIR)/ObjcDemo\\ Project",
					"$(PROJECT_DIR)/ObjcDemo\\ Project",
					"$(PROJECT_DIR)/ObjcDemo\\ Project",
					"$(PROJECT_DIR)/ObjcDemo\\ Project",
					"$(PROJECT_DIR)/ObjcDemo\\ Project",
					"$(PROJECT_DIR)/ObjcDemo\\ Project",
					"$(PROJECT_DIR)/ObjcDemo\\ Project",
					"$(PROJECT_DIR)",
				);
				GENERATE_INFOPLIST_FILE = YES;
				INFOPLIST_FILE = "ObjcDemo Project/Info.plist";
				INFOPLIST_KEY_UIApplicationSupportsIndirectInputEvents = YES;
				INFOPLIST_KEY_UILaunchStoryboardName = LaunchScreen;
				INFOPLIST_KEY_UISupportedInterfaceOrientations_iPad = "UIInterfaceOrientationPortrait UIInterfaceOrientationPortraitUpsideDown UIInterfaceOrientationLandscapeLeft UIInterfaceOrientationLandscapeRight";
				INFOPLIST_KEY_UISupportedInterfaceOrientations_iPhone = "UIInterfaceOrientationPortrait UIInterfaceOrientationLandscapeLeft UIInterfaceOrientationLandscapeRight";
				IPHONEOS_DEPLOYMENT_TARGET = 13;
				LD_RUNPATH_SEARCH_PATHS = (
					"$(inherited)",
					"@executable_path/Frameworks",
				);
				MARKETING_VERSION = 1.0;
				PRODUCT_BUNDLE_IDENTIFIER = "com.practice.ObjcDemo-Project";
				PRODUCT_NAME = "$(TARGET_NAME)";
				SWIFT_EMIT_LOC_STRINGS = YES;
				SWIFT_OBJC_BRIDGING_HEADER = "ObjcDemo Project/Utilities/Loader Files/ObjcDemo Project-Swift.h";
				SWIFT_VERSION = 5.0;
				TARGETED_DEVICE_FAMILY = "1,2";
			};
			name = Release;
		};
		18B76CD12B91B05E00F6A373 /* Debug */ = {
			isa = XCBuildConfiguration;
			baseConfigurationReference = ED7A7A79FB68C32B5C102CA8 /* Pods-ObjcDemo ProjectTests.debug.xcconfig */;
			buildSettings = {
				ALWAYS_EMBED_SWIFT_STANDARD_LIBRARIES = YES;
				BUNDLE_LOADER = "$(TEST_HOST)";
				CODE_SIGN_STYLE = Automatic;
				CURRENT_PROJECT_VERSION = 1;
				DEVELOPMENT_TEAM = JDQM4MDQ97;
				GENERATE_INFOPLIST_FILE = YES;
				IPHONEOS_DEPLOYMENT_TARGET = 17.2;
				MARKETING_VERSION = 1.0;
				PRODUCT_BUNDLE_IDENTIFIER = "com.practice.ObjcDemo-ProjectTests";
				PRODUCT_NAME = "$(TARGET_NAME)";
				SWIFT_EMIT_LOC_STRINGS = NO;
				TARGETED_DEVICE_FAMILY = "1,2";
				TEST_HOST = "$(BUILT_PRODUCTS_DIR)/ObjcDemo Project.app/$(BUNDLE_EXECUTABLE_FOLDER_PATH)/ObjcDemo Project";
			};
			name = Debug;
		};
		18B76CD22B91B05E00F6A373 /* Release */ = {
			isa = XCBuildConfiguration;
			baseConfigurationReference = D92DC9CBE27A2269ED2771A1 /* Pods-ObjcDemo ProjectTests.release.xcconfig */;
			buildSettings = {
				ALWAYS_EMBED_SWIFT_STANDARD_LIBRARIES = YES;
				BUNDLE_LOADER = "$(TEST_HOST)";
				CODE_SIGN_STYLE = Automatic;
				CURRENT_PROJECT_VERSION = 1;
				DEVELOPMENT_TEAM = JDQM4MDQ97;
				GENERATE_INFOPLIST_FILE = YES;
				IPHONEOS_DEPLOYMENT_TARGET = 17.2;
				MARKETING_VERSION = 1.0;
				PRODUCT_BUNDLE_IDENTIFIER = "com.practice.ObjcDemo-ProjectTests";
				PRODUCT_NAME = "$(TARGET_NAME)";
				SWIFT_EMIT_LOC_STRINGS = NO;
				TARGETED_DEVICE_FAMILY = "1,2";
				TEST_HOST = "$(BUILT_PRODUCTS_DIR)/ObjcDemo Project.app/$(BUNDLE_EXECUTABLE_FOLDER_PATH)/ObjcDemo Project";
			};
			name = Release;
		};
		18B76CD42B91B05E00F6A373 /* Debug */ = {
			isa = XCBuildConfiguration;
			baseConfigurationReference = 72A50C498D45598ACE6B3474 /* Pods-ObjcDemo Project-ObjcDemo ProjectUITests.debug.xcconfig */;
			buildSettings = {
				ALWAYS_EMBED_SWIFT_STANDARD_LIBRARIES = YES;
				CODE_SIGN_STYLE = Automatic;
				CURRENT_PROJECT_VERSION = 1;
				DEVELOPMENT_TEAM = JDQM4MDQ97;
				GENERATE_INFOPLIST_FILE = YES;
				MARKETING_VERSION = 1.0;
				PRODUCT_BUNDLE_IDENTIFIER = "com.practice.ObjcDemo-ProjectUITests";
				PRODUCT_NAME = "$(TARGET_NAME)";
				SWIFT_EMIT_LOC_STRINGS = NO;
				TARGETED_DEVICE_FAMILY = "1,2";
				TEST_TARGET_NAME = "ObjcDemo Project";
			};
			name = Debug;
		};
		18B76CD52B91B05E00F6A373 /* Release */ = {
			isa = XCBuildConfiguration;
			baseConfigurationReference = AA849E2C2D9276D4B3240947 /* Pods-ObjcDemo Project-ObjcDemo ProjectUITests.release.xcconfig */;
			buildSettings = {
				ALWAYS_EMBED_SWIFT_STANDARD_LIBRARIES = YES;
				CODE_SIGN_STYLE = Automatic;
				CURRENT_PROJECT_VERSION = 1;
				DEVELOPMENT_TEAM = JDQM4MDQ97;
				GENERATE_INFOPLIST_FILE = YES;
				MARKETING_VERSION = 1.0;
				PRODUCT_BUNDLE_IDENTIFIER = "com.practice.ObjcDemo-ProjectUITests";
				PRODUCT_NAME = "$(TARGET_NAME)";
				SWIFT_EMIT_LOC_STRINGS = NO;
				TARGETED_DEVICE_FAMILY = "1,2";
				TEST_TARGET_NAME = "ObjcDemo Project";
			};
			name = Release;
		};
/* End XCBuildConfiguration section */

/* Begin XCConfigurationList section */
		18B76C992B91B05C00F6A373 /* Build configuration list for PBXProject "ObjcDemo Project" */ = {
			isa = XCConfigurationList;
			buildConfigurations = (
				18B76CCB2B91B05E00F6A373 /* Debug */,
				18B76CCC2B91B05E00F6A373 /* Release */,
			);
			defaultConfigurationIsVisible = 0;
			defaultConfigurationName = Release;
		};
		18B76CCD2B91B05E00F6A373 /* Build configuration list for PBXNativeTarget "ObjcDemo Project" */ = {
			isa = XCConfigurationList;
			buildConfigurations = (
				18B76CCE2B91B05E00F6A373 /* Debug */,
				18B76CCF2B91B05E00F6A373 /* Release */,
			);
			defaultConfigurationIsVisible = 0;
			defaultConfigurationName = Release;
		};
		18B76CD02B91B05E00F6A373 /* Build configuration list for PBXNativeTarget "ObjcDemo ProjectTests" */ = {
			isa = XCConfigurationList;
			buildConfigurations = (
				18B76CD12B91B05E00F6A373 /* Debug */,
				18B76CD22B91B05E00F6A373 /* Release */,
			);
			defaultConfigurationIsVisible = 0;
			defaultConfigurationName = Release;
		};
		18B76CD32B91B05E00F6A373 /* Build configuration list for PBXNativeTarget "ObjcDemo ProjectUITests" */ = {
			isa = XCConfigurationList;
			buildConfigurations = (
				18B76CD42B91B05E00F6A373 /* Debug */,
				18B76CD52B91B05E00F6A373 /* Release */,
			);
			defaultConfigurationIsVisible = 0;
			defaultConfigurationName = Release;
		};
/* End XCConfigurationList section */
	};
	rootObject = 18B76C962B91B05C00F6A373 /* Project object */;
}
